// !$*UTF8*$!
{
	archiveVersion = 1;
	classes = {
	};
	objectVersion = 77;
	objects = {

/* Begin PBXBuildFile section */
		00482551F9422C4EF5D3CC4D /* TestingAPI.swift in Sources */ = {isa = PBXBuildFile; fileRef = 8E15EDC3F8548E1BA44AF566 /* TestingAPI.swift */; };
		0191B298C765719A24EEE534 /* JSONDataEncoding.swift in Sources */ = {isa = PBXBuildFile; fileRef = 94A72B248063D2C7D0467FE0 /* JSONDataEncoding.swift */; };
		035B50EEF4B3405F91E684F6 /* CreateRecipeRequest.swift in Sources */ = {isa = PBXBuildFile; fileRef = 42C38E2FCF14FFE24BB4D51B /* CreateRecipeRequest.swift */; };
		05280711EF21BA57B62F45B3 /* AuthenticatedImageLoader.swift in Sources */ = {isa = PBXBuildFile; fileRef = E4690D48FFB30402F4F4D4ED /* AuthenticatedImageLoader.swift */; };
		0677FF80E5D1B499A1C6D8FF /* CreateTagResponse.swift in Sources */ = {isa = PBXBuildFile; fileRef = F9BA88FF899C5404CD213E5E /* CreateTagResponse.swift */; };
		08B7F020CE9A14EFD205F30A /* CaptureRequest.swift in Sources */ = {isa = PBXBuildFile; fileRef = 91EE88C226AAC4BD5F1981C5 /* CaptureRequest.swift */; };
		090345234F849EB186ACB51A /* Models.swift in Sources */ = {isa = PBXBuildFile; fileRef = EBB5D051E55D9BE131B7458E /* Models.swift */; };
		0A3BA3CB92994E9A62C426A6 /* Validation.swift in Sources */ = {isa = PBXBuildFile; fileRef = A1C51ED0D73099679860A8F3 /* Validation.swift */; };
		0AB80FECE3BDB950305DCC6E /* CreateScrapeResponse.swift in Sources */ = {isa = PBXBuildFile; fileRef = BB3677F347606FED2DBFE7CE /* CreateScrapeResponse.swift */; };
		0AEE3E80A3FE0E7A574AD480 /* Validation.swift in Sources */ = {isa = PBXBuildFile; fileRef = A1C51ED0D73099679860A8F3 /* Validation.swift */; };
		0BCE6D94C39CD93C595413B8 /* RenameTagResponse.swift in Sources */ = {isa = PBXBuildFile; fileRef = 5F37EA23AB182BADA1654C57 /* RenameTagResponse.swift */; };
		0BE0958B83751EF6867BFCFA /* ScrapeJobResponse.swift in Sources */ = {isa = PBXBuildFile; fileRef = C61DB5A896A40C12777FDF67 /* ScrapeJobResponse.swift */; };
		0EFDE74C86EE9CC9A937F68A /* CreateScrapeRequest.swift in Sources */ = {isa = PBXBuildFile; fileRef = 74FB61C7CE6B242672E5BE91 /* CreateScrapeRequest.swift */; };
		0F6D527C81774CFE1B68FA57 /* CodableHelper.swift in Sources */ = {isa = PBXBuildFile; fileRef = 14FACCE2FDE5B50ABB40563D /* CodableHelper.swift */; };
		1160E2BECEF8AE016E12034D /* TagItem.swift in Sources */ = {isa = PBXBuildFile; fileRef = 7426EBD21559666D718D19AA /* TagItem.swift */; };
		11758BAB23EEB2181CDADFFE /* CreateScrapeResponse.swift in Sources */ = {isa = PBXBuildFile; fileRef = BB3677F347606FED2DBFE7CE /* CreateScrapeResponse.swift */; };
		138E30AB21BF21C25E9E546E /* RecipeListView.swift in Sources */ = {isa = PBXBuildFile; fileRef = E904A8309560C2D2DE7559C8 /* RecipeListView.swift */; };
		14CF86FC7A65A00735692AED /* EnrichAPI.swift in Sources */ = {isa = PBXBuildFile; fileRef = 0A7FCDE4187D97650355369F /* EnrichAPI.swift */; };
		15211913FC7B9D4E80EEAD9E /* Direction.swift in Sources */ = {isa = PBXBuildFile; fileRef = 36BF400F8E60D7FF3FB341DB /* Direction.swift */; };
		155A8A5234D566DEA3EBC7A9 /* SynchronizedDictionary.swift in Sources */ = {isa = PBXBuildFile; fileRef = B23BE4A4CF9F680FA8AF08C1 /* SynchronizedDictionary.swift */; };
		1716ED4C41D3463DCA34F241 /* RecipeContent.swift in Sources */ = {isa = PBXBuildFile; fileRef = 79CA426B325D5A10F2A8A16F /* RecipeContent.swift */; };
		17A4238A31F047ABC64B7F52 /* KeychainHelper.swift in Sources */ = {isa = PBXBuildFile; fileRef = B939FBCA19E5F5035BC9AD07 /* KeychainHelper.swift */; };
		1977F0FB2C15F3F231CCEA93 /* RamekinAPI.swift in Sources */ = {isa = PBXBuildFile; fileRef = E8940739D7FD7D674E9EEEAE /* RamekinAPI.swift */; };
		1A20EE84157A64B500561AD7 /* CreateTagResponse.swift in Sources */ = {isa = PBXBuildFile; fileRef = F9BA88FF899C5404CD213E5E /* CreateTagResponse.swift */; };
		1A34A22ED31E2083BC6A92D2 /* SignupResponse.swift in Sources */ = {isa = PBXBuildFile; fileRef = C905B38C07D9F491E4586B42 /* SignupResponse.swift */; };
		1B23834160C43C45E8FBDE1D /* CreateTagRequest.swift in Sources */ = {isa = PBXBuildFile; fileRef = 608D258296C5B0E9BE941483 /* CreateTagRequest.swift */; };
		1BF6C87B27EFE5B57194D322 /* AuthAPI.swift in Sources */ = {isa = PBXBuildFile; fileRef = 742D63FA2628AAD28D29F2D0 /* AuthAPI.swift */; };
		1CA4E339B78E3052880008CA /* CreateScrapeResponse.swift in Sources */ = {isa = PBXBuildFile; fileRef = BB3677F347606FED2DBFE7CE /* CreateScrapeResponse.swift */; };
		1CA7D3913AA80236001D61B5 /* UploadPhotoResponse.swift in Sources */ = {isa = PBXBuildFile; fileRef = 2F9D95ECB2833311D48B7DA5 /* UploadPhotoResponse.swift */; };
		1CE480F2E18F4BC9672A5CB0 /* Assets.xcassets in Resources */ = {isa = PBXBuildFile; fileRef = CD59586EF35C9330613DB46A /* Assets.xcassets */; };
		1D184D74D3DE5008EC27828D /* SynchronizedDictionary.swift in Sources */ = {isa = PBXBuildFile; fileRef = B23BE4A4CF9F680FA8AF08C1 /* SynchronizedDictionary.swift */; };
		1FF3C5A864AE091414ABDF4B /* RamekinApp.swift in Sources */ = {isa = PBXBuildFile; fileRef = 2D0329159F00DE9F47C1781B /* RamekinApp.swift */; };
		2160E12945B7A2B5AE3AC138 /* DebugLogger.swift in Sources */ = {isa = PBXBuildFile; fileRef = AAD1FA9C24C630269EDFD3CD /* DebugLogger.swift */; };
		222121BFA725B93A798D018F /* Direction.swift in Sources */ = {isa = PBXBuildFile; fileRef = 36BF400F8E60D7FF3FB341DB /* Direction.swift */; };
		2353397C6118DAA555D1ADDB /* SignupResponse.swift in Sources */ = {isa = PBXBuildFile; fileRef = C905B38C07D9F491E4586B42 /* SignupResponse.swift */; };
		24E55600FF1A0DEBE919FA3D /* VersionSummary.swift in Sources */ = {isa = PBXBuildFile; fileRef = DBCB7E0EFF90FCDD7D5F1403 /* VersionSummary.swift */; };
		27F521E59FD71843900F664C /* RenameTagResponse.swift in Sources */ = {isa = PBXBuildFile; fileRef = 5F37EA23AB182BADA1654C57 /* RenameTagResponse.swift */; };
		2886C947673B4B5BE4C69ED8 /* ImportAPI.swift in Sources */ = {isa = PBXBuildFile; fileRef = 020F21618258336CACD1F749 /* ImportAPI.swift */; };
		2D75FA3AA86670EF288B65D4 /* SortBy.swift in Sources */ = {isa = PBXBuildFile; fileRef = 9745EE5F879C9B10B4076A43 /* SortBy.swift */; };
		2E3BE1D95AA1F0EFAFC4508B /* ModelErrorResponse.swift in Sources */ = {isa = PBXBuildFile; fileRef = DAB5710136714EE66999DE0D /* ModelErrorResponse.swift */; };
		2F35C6273311FB2DC34DE5A0 /* SignupRequest.swift in Sources */ = {isa = PBXBuildFile; fileRef = 505C2DA71F458266BB9BB8AC /* SignupRequest.swift */; };
		30FDE19A1FB521963C19BFC2 /* UpdateRecipeRequest.swift in Sources */ = {isa = PBXBuildFile; fileRef = 5D7A6BE3E7DE0463AB47873E /* UpdateRecipeRequest.swift */; };
		31CA93E1B8A268FB4CFB99EA /* UpdateRecipeRequest.swift in Sources */ = {isa = PBXBuildFile; fileRef = 5D7A6BE3E7DE0463AB47873E /* UpdateRecipeRequest.swift */; };
		32B86B66530452818CE5B43A /* RecipesAPI.swift in Sources */ = {isa = PBXBuildFile; fileRef = 0D322DDB832DC6AAADD0F6BA /* RecipesAPI.swift */; };
		32E606BEB15A24ED3A2DC334 /* RenameTagResponse.swift in Sources */ = {isa = PBXBuildFile; fileRef = 5F37EA23AB182BADA1654C57 /* RenameTagResponse.swift */; };
		34D3C46A9C1BD4481BDC6862 /* RamekinAPITests.swift in Sources */ = {isa = PBXBuildFile; fileRef = D22790372DC0BC84154AC9D6 /* RamekinAPITests.swift */; };
		36201D55885A245FAA68EF0D /* RenameTagRequest.swift in Sources */ = {isa = PBXBuildFile; fileRef = C3846A6BE35913B8D7A5DAEF /* RenameTagRequest.swift */; };
		39A7AF9583D266103E8C430E /* TagsListResponse.swift in Sources */ = {isa = PBXBuildFile; fileRef = 24FC043FE9ABFFE1FE98CD08 /* TagsListResponse.swift */; };
		3A9800B87814238D09AC0E89 /* Measurement.swift in Sources */ = {isa = PBXBuildFile; fileRef = 780795BB53DE49C06BF6F6A3 /* Measurement.swift */; };
		3B1AFD08C9E7058461FA2C42 /* CodableHelper.swift in Sources */ = {isa = PBXBuildFile; fileRef = 14FACCE2FDE5B50ABB40563D /* CodableHelper.swift */; };
		3C7F67D7F1180C4F61205438 /* RetryScrapeResponse.swift in Sources */ = {isa = PBXBuildFile; fileRef = 83443024887A3D4A118DC509 /* RetryScrapeResponse.swift */; };
		3CF0BB274067160A63254DEE /* ImportRecipeRequest.swift in Sources */ = {isa = PBXBuildFile; fileRef = 4EB3FCF95251F3B436498417 /* ImportRecipeRequest.swift */; };
		3D717F3FD6678B550F180ED4 /* RecipeContent.swift in Sources */ = {isa = PBXBuildFile; fileRef = 79CA426B325D5A10F2A8A16F /* RecipeContent.swift */; };
		3EA63F1E7637C47C49220E4C /* Validation.swift in Sources */ = {isa = PBXBuildFile; fileRef = A1C51ED0D73099679860A8F3 /* Validation.swift */; };
		41A6E6CB6C18D29121830222 /* RamekinShareExtension.appex in Embed Foundation Extensions */ = {isa = PBXBuildFile; fileRef = A4BE43D2461F3756628DE051 /* RamekinShareExtension.appex */; settings = {ATTRIBUTES = (RemoveHeadersOnCopy, ); }; };
		41D8F2ADD161CAACC7488393 /* TagsAPI.swift in Sources */ = {isa = PBXBuildFile; fileRef = 436EC511E45EAF977C090179 /* TagsAPI.swift */; };
		41E915E5CA37E4501677308B /* LoginResponse.swift in Sources */ = {isa = PBXBuildFile; fileRef = 23D38013765190F57A027436 /* LoginResponse.swift */; };
		42899B6F9489F8A15C960D07 /* RecipeResponse.swift in Sources */ = {isa = PBXBuildFile; fileRef = E92229829097670ECE5BAD93 /* RecipeResponse.swift */; };
		448F47AD051AAFA0A8C20134 /* EnrichAPI.swift in Sources */ = {isa = PBXBuildFile; fileRef = 0A7FCDE4187D97650355369F /* EnrichAPI.swift */; };
		477B3746D8F369EECC5C35C4 /* ShareExtensionTests.swift in Sources */ = {isa = PBXBuildFile; fileRef = 1881685E07612C128E796D0F /* ShareExtensionTests.swift */; };
		4BDB9CA969C18608084EF3CF /* LoginRequest.swift in Sources */ = {isa = PBXBuildFile; fileRef = 122D9D55276E405834511D40 /* LoginRequest.swift */; };
		4C454722B832C78697B805D2 /* CreateTagRequest.swift in Sources */ = {isa = PBXBuildFile; fileRef = 608D258296C5B0E9BE941483 /* CreateTagRequest.swift */; };
		4CA26488474E46D4C17F2885 /* RecipesAPI.swift in Sources */ = {isa = PBXBuildFile; fileRef = 0D322DDB832DC6AAADD0F6BA /* RecipesAPI.swift */; };
		4D05BA311D17D62A6D8844DA /* ListRecipesResponse.swift in Sources */ = {isa = PBXBuildFile; fileRef = 3D5D61EDF2DC833E92B44540 /* ListRecipesResponse.swift */; };
		4E5A631A36105D276B3BA341 /* APIHelper.swift in Sources */ = {isa = PBXBuildFile; fileRef = F943106CF9609C3A5C466E7F /* APIHelper.swift */; };
		52CA81038877B404D3908609 /* RecipeDetailView.swift in Sources */ = {isa = PBXBuildFile; fileRef = 6B1C3B09A87C9749A7B28EBD /* RecipeDetailView.swift */; };
		534B1446E4E926C758FA2333 /* RecipeResponse.swift in Sources */ = {isa = PBXBuildFile; fileRef = E92229829097670ECE5BAD93 /* RecipeResponse.swift */; };
		535A37C0E86B866A44BFBFF0 /* ImportRecipeResponse.swift in Sources */ = {isa = PBXBuildFile; fileRef = E80909813DAF8B4769FB0D32 /* ImportRecipeResponse.swift */; };
		55CD91C2ECF18417C2482728 /* LoginRequest.swift in Sources */ = {isa = PBXBuildFile; fileRef = 122D9D55276E405834511D40 /* LoginRequest.swift */; };
		581605ADA61A72D6CA151D01 /* APIHelper.swift in Sources */ = {isa = PBXBuildFile; fileRef = F943106CF9609C3A5C466E7F /* APIHelper.swift */; };
		58DCE4995BB482D1B843E095 /* TagItem.swift in Sources */ = {isa = PBXBuildFile; fileRef = 7426EBD21559666D718D19AA /* TagItem.swift */; };
		590016BC033B7719C8764508 /* Ingredient.swift in Sources */ = {isa = PBXBuildFile; fileRef = 8A27069C9B91CACE211BFD99 /* Ingredient.swift */; };
		5903E9B36B94B6FB7C02308D /* SignupResponse.swift in Sources */ = {isa = PBXBuildFile; fileRef = C905B38C07D9F491E4586B42 /* SignupResponse.swift */; };
		5A04650A05F2EC0332C9693F /* PhotosAPI.swift in Sources */ = {isa = PBXBuildFile; fileRef = 95CE5EA6B7597BB39D9B8A11 /* PhotosAPI.swift */; };
		5A18644C573A6D34B4157002 /* Measurement.swift in Sources */ = {isa = PBXBuildFile; fileRef = 780795BB53DE49C06BF6F6A3 /* Measurement.swift */; };
		5D6BB9B97C8523D2CCB56EA5 /* DebugLogger.swift in Sources */ = {isa = PBXBuildFile; fileRef = AAD1FA9C24C630269EDFD3CD /* DebugLogger.swift */; };
		5DF96D155930A036E7D02393 /* Configuration.swift in Sources */ = {isa = PBXBuildFile; fileRef = A3D63B893A17EC6CBC0FCC22 /* Configuration.swift */; };
		5F14189D5111635082CD7297 /* ImportExtractionMethod.swift in Sources */ = {isa = PBXBuildFile; fileRef = 0E992276204600E392B87FC8 /* ImportExtractionMethod.swift */; };
		6316A24FA92D35E6B7D73564 /* ImportExtractionMethod.swift in Sources */ = {isa = PBXBuildFile; fileRef = 0E992276204600E392B87FC8 /* ImportExtractionMethod.swift */; };
		6478FF45AA7873ED5BBEE49F /* CreateTagRequest.swift in Sources */ = {isa = PBXBuildFile; fileRef = 608D258296C5B0E9BE941483 /* CreateTagRequest.swift */; };
		65E1355E7C0D22F25C8D90ED /* KeychainHelper.swift in Sources */ = {isa = PBXBuildFile; fileRef = B939FBCA19E5F5035BC9AD07 /* KeychainHelper.swift */; };
		674D0C821058538A256DC1D2 /* UnauthedPingResponse.swift in Sources */ = {isa = PBXBuildFile; fileRef = 1180A0E269E48E795A261302 /* UnauthedPingResponse.swift */; };
		68399CA3F036ECA9B5F02046 /* Extensions.swift in Sources */ = {isa = PBXBuildFile; fileRef = 07D3026AB29820B187390130 /* Extensions.swift */; };
		68A79E9AB438F856F132DDF4 /* APIs.swift in Sources */ = {isa = PBXBuildFile; fileRef = A5E2210997C94C8A82B79D32 /* APIs.swift */; };
		68AE86A63B84891E462988CE /* PingResponse.swift in Sources */ = {isa = PBXBuildFile; fileRef = 9DBE220839820101CD820B41 /* PingResponse.swift */; };
		68E76B713D708D530B39DA10 /* VersionListResponse.swift in Sources */ = {isa = PBXBuildFile; fileRef = 81AC2F08D2DAF3493C1C5014 /* VersionListResponse.swift */; };
		6A2D91C501E6B05AE4A1702E /* APIs.swift in Sources */ = {isa = PBXBuildFile; fileRef = A5E2210997C94C8A82B79D32 /* APIs.swift */; };
		6BA76DA590FF722DA7FD5982 /* ScrapeAPI.swift in Sources */ = {isa = PBXBuildFile; fileRef = 7C169E007B8DB6AF79F2E334 /* ScrapeAPI.swift */; };
		6CBB3409828F0CE01F8847DE /* APIs.swift in Sources */ = {isa = PBXBuildFile; fileRef = A5E2210997C94C8A82B79D32 /* APIs.swift */; };
		6EBA671213C0F29DBE43EF05 /* SignupRequest.swift in Sources */ = {isa = PBXBuildFile; fileRef = 505C2DA71F458266BB9BB8AC /* SignupRequest.swift */; };
		6ED8B755D04E764CA3D14381 /* RecipeSummary.swift in Sources */ = {isa = PBXBuildFile; fileRef = 5A94F3B6EB9A8A4E1C70DA14 /* RecipeSummary.swift */; };
		7255BC324A5533E813A66AF7 /* EnrichAPI.swift in Sources */ = {isa = PBXBuildFile; fileRef = 0A7FCDE4187D97650355369F /* EnrichAPI.swift */; };
		72E72FFAE3DF996AA840C9AB /* ScrapeAPI.swift in Sources */ = {isa = PBXBuildFile; fileRef = 7C169E007B8DB6AF79F2E334 /* ScrapeAPI.swift */; };
		7458B7E94B6232DCE268ACCC /* VersionSummary.swift in Sources */ = {isa = PBXBuildFile; fileRef = DBCB7E0EFF90FCDD7D5F1403 /* VersionSummary.swift */; };
		74E1DAABC43C044BAD264090 /* LoginResponse.swift in Sources */ = {isa = PBXBuildFile; fileRef = 23D38013765190F57A027436 /* LoginResponse.swift */; };
		75C387BB32F5196F84171C85 /* RecipeSummary.swift in Sources */ = {isa = PBXBuildFile; fileRef = 5A94F3B6EB9A8A4E1C70DA14 /* RecipeSummary.swift */; };
		75F007B2AD0061FCFA806CB6 /* ImportRawRecipe.swift in Sources */ = {isa = PBXBuildFile; fileRef = 91F804EC00B771F46D67BB1D /* ImportRawRecipe.swift */; };
		7658E057DD1D90B5B786777E /* OpenISO8601DateFormatter.swift in Sources */ = {isa = PBXBuildFile; fileRef = 7063C41B43FEDDEC674C9BF6 /* OpenISO8601DateFormatter.swift */; };
		7773F7E0869065391B463104 /* RetryScrapeResponse.swift in Sources */ = {isa = PBXBuildFile; fileRef = 83443024887A3D4A118DC509 /* RetryScrapeResponse.swift */; };
		786312881D9A0A9C82B528AB /* VersionSummary.swift in Sources */ = {isa = PBXBuildFile; fileRef = DBCB7E0EFF90FCDD7D5F1403 /* VersionSummary.swift */; };
		7A8A91AA8E3F5E0DF4468596 /* JSONDataEncoding.swift in Sources */ = {isa = PBXBuildFile; fileRef = 94A72B248063D2C7D0467FE0 /* JSONDataEncoding.swift */; };
		7AA797C17C018C1FA6C2CEDA /* Models.swift in Sources */ = {isa = PBXBuildFile; fileRef = EBB5D051E55D9BE131B7458E /* Models.swift */; };
		7C8BC077FFBC862D15388226 /* ShareViewController.swift in Sources */ = {isa = PBXBuildFile; fileRef = 4D63C3C4C8F4BC8EFFF437A2 /* ShareViewController.swift */; };
		7F535C0AF7F27D04BE334CF8 /* JSONDataEncoding.swift in Sources */ = {isa = PBXBuildFile; fileRef = 94A72B248063D2C7D0467FE0 /* JSONDataEncoding.swift */; };
		7F6CD3371ABECAA366147129 /* SynchronizedDictionary.swift in Sources */ = {isa = PBXBuildFile; fileRef = B23BE4A4CF9F680FA8AF08C1 /* SynchronizedDictionary.swift */; };
		800A68F97D8251273A2639C7 /* TestingAPI.swift in Sources */ = {isa = PBXBuildFile; fileRef = 8E15EDC3F8548E1BA44AF566 /* TestingAPI.swift */; };
		80390CBAB163A49AA63275E6 /* PingResponse.swift in Sources */ = {isa = PBXBuildFile; fileRef = 9DBE220839820101CD820B41 /* PingResponse.swift */; };
		80C3B321F0689BF9EEE3F188 /* TagsAPI.swift in Sources */ = {isa = PBXBuildFile; fileRef = 436EC511E45EAF977C090179 /* TagsAPI.swift */; };
		81ECAD3A1F1677A12E2FDB2E /* Ingredient.swift in Sources */ = {isa = PBXBuildFile; fileRef = 8A27069C9B91CACE211BFD99 /* Ingredient.swift */; };
		836B217DE19143470F0E3EDC /* Extensions.swift in Sources */ = {isa = PBXBuildFile; fileRef = 07D3026AB29820B187390130 /* Extensions.swift */; };
		83D543F7C29D7DBE81F23444 /* AuthenticatedImageLoader.swift in Sources */ = {isa = PBXBuildFile; fileRef = E4690D48FFB30402F4F4D4ED /* AuthenticatedImageLoader.swift */; };
		85E20E1829CCC2D0047F7D95 /* DebugLogger.swift in Sources */ = {isa = PBXBuildFile; fileRef = AAD1FA9C24C630269EDFD3CD /* DebugLogger.swift */; };
		85FFEEBF8A1937F758B15FD4 /* CreateRecipeRequest.swift in Sources */ = {isa = PBXBuildFile; fileRef = 42C38E2FCF14FFE24BB4D51B /* CreateRecipeRequest.swift */; };
		8664AE5AD57C9C1CA82106F9 /* TagsListResponse.swift in Sources */ = {isa = PBXBuildFile; fileRef = 24FC043FE9ABFFE1FE98CD08 /* TagsListResponse.swift */; };
		8AC473A970624264C7A7BBC4 /* ImportAPI.swift in Sources */ = {isa = PBXBuildFile; fileRef = 020F21618258336CACD1F749 /* ImportAPI.swift */; };
		8B1766CD4CC7ADD170027023 /* CodableHelper.swift in Sources */ = {isa = PBXBuildFile; fileRef = 14FACCE2FDE5B50ABB40563D /* CodableHelper.swift */; };
		918E8C9BB414B716E516FE66 /* ModelErrorResponse.swift in Sources */ = {isa = PBXBuildFile; fileRef = DAB5710136714EE66999DE0D /* ModelErrorResponse.swift */; };
		929D00165067337186B4123C /* RenameTagRequest.swift in Sources */ = {isa = PBXBuildFile; fileRef = C3846A6BE35913B8D7A5DAEF /* RenameTagRequest.swift */; };
		94B1ABCBD7B37AAA64BCD1B2 /* ImportRecipeRequest.swift in Sources */ = {isa = PBXBuildFile; fileRef = 4EB3FCF95251F3B436498417 /* ImportRecipeRequest.swift */; };
		94D9FB883DD7E516A67129EE /* PaginationMetadata.swift in Sources */ = {isa = PBXBuildFile; fileRef = C459D4FA161A8AAA61E22F08 /* PaginationMetadata.swift */; };
		966761C25477AEF2C39DE333 /* URLSessionImplementations.swift in Sources */ = {isa = PBXBuildFile; fileRef = A5BDB7AA30B43DF4CC3B94E5 /* URLSessionImplementations.swift */; };
		9907ABD7BE206A61080C7C23 /* RenameTagRequest.swift in Sources */ = {isa = PBXBuildFile; fileRef = C3846A6BE35913B8D7A5DAEF /* RenameTagRequest.swift */; };
		994650DFD267DC04E436D4F1 /* Ingredient.swift in Sources */ = {isa = PBXBuildFile; fileRef = 8A27069C9B91CACE211BFD99 /* Ingredient.swift */; };
		9E7C9AA4EF26822782E2AF3C /* ListRecipesResponse.swift in Sources */ = {isa = PBXBuildFile; fileRef = 3D5D61EDF2DC833E92B44540 /* ListRecipesResponse.swift */; };
		9E81C303EB557540331FD9CE /* PingResponse.swift in Sources */ = {isa = PBXBuildFile; fileRef = 9DBE220839820101CD820B41 /* PingResponse.swift */; };
		9FA8515DAB4B40AF85EE6AC0 /* Measurement.swift in Sources */ = {isa = PBXBuildFile; fileRef = 780795BB53DE49C06BF6F6A3 /* Measurement.swift */; };
		A19EA1F283952ACFAAA2234A /* CaptureRequest.swift in Sources */ = {isa = PBXBuildFile; fileRef = 91EE88C226AAC4BD5F1981C5 /* CaptureRequest.swift */; };
		A627D8BCDFD736EE654697FD /* CreateRecipeResponse.swift in Sources */ = {isa = PBXBuildFile; fileRef = F43D3022E01BD87E5FBCB23E /* CreateRecipeResponse.swift */; };
		A698877B701FA0BE50D2DB8E /* CreateRecipeResponse.swift in Sources */ = {isa = PBXBuildFile; fileRef = F43D3022E01BD87E5FBCB23E /* CreateRecipeResponse.swift */; };
		A8708DD09281839B8BA62746 /* UpdateRecipeRequest.swift in Sources */ = {isa = PBXBuildFile; fileRef = 5D7A6BE3E7DE0463AB47873E /* UpdateRecipeRequest.swift */; };
		A8E1B1D59CECE5F39184F09A /* RetryScrapeResponse.swift in Sources */ = {isa = PBXBuildFile; fileRef = 83443024887A3D4A118DC509 /* RetryScrapeResponse.swift */; };
		A99FBD3E567BC72D38CE83AE /* PaginationMetadata.swift in Sources */ = {isa = PBXBuildFile; fileRef = C459D4FA161A8AAA61E22F08 /* PaginationMetadata.swift */; };
		AC8DFF830A7CDFFA4073A127 /* RecipeResponse.swift in Sources */ = {isa = PBXBuildFile; fileRef = E92229829097670ECE5BAD93 /* RecipeResponse.swift */; };
		AE92BAE6059EC033D65CB29E /* Extensions.swift in Sources */ = {isa = PBXBuildFile; fileRef = 07D3026AB29820B187390130 /* Extensions.swift */; };
		AEC773F4ADEC409BC5F2F986 /* ScrapeJobResponse.swift in Sources */ = {isa = PBXBuildFile; fileRef = C61DB5A896A40C12777FDF67 /* ScrapeJobResponse.swift */; };
		B183BFE50A61FBFF6689F0BF /* URLSessionImplementations.swift in Sources */ = {isa = PBXBuildFile; fileRef = A5BDB7AA30B43DF4CC3B94E5 /* URLSessionImplementations.swift */; };
		B4ABB5B522137BD071DD7DED /* SignupRequest.swift in Sources */ = {isa = PBXBuildFile; fileRef = 505C2DA71F458266BB9BB8AC /* SignupRequest.swift */; };
		B54062184A741AAE56D7919D /* ImportRecipeRequest.swift in Sources */ = {isa = PBXBuildFile; fileRef = 4EB3FCF95251F3B436498417 /* ImportRecipeRequest.swift */; };
		B620AD5E3513E419C798ECA8 /* UploadPhotoResponse.swift in Sources */ = {isa = PBXBuildFile; fileRef = 2F9D95ECB2833311D48B7DA5 /* UploadPhotoResponse.swift */; };
		B86B38909AB97868CCDF858F /* Direction.swift in Sources */ = {isa = PBXBuildFile; fileRef = 36BF400F8E60D7FF3FB341DB /* Direction.swift */; };
		B91E3D5828CE349980A7BAFB /* Configuration.swift in Sources */ = {isa = PBXBuildFile; fileRef = A3D63B893A17EC6CBC0FCC22 /* Configuration.swift */; };
		B9910F0F7C3A3334600038F5 /* ImportExtractionMethod.swift in Sources */ = {isa = PBXBuildFile; fileRef = 0E992276204600E392B87FC8 /* ImportExtractionMethod.swift */; };
		BA382836F76C9B7B3984FC7A /* JSONEncodingHelper.swift in Sources */ = {isa = PBXBuildFile; fileRef = 3734DDEC4C8FBAAFD2C6B3EB /* JSONEncodingHelper.swift */; };
		BC18DE04AD5EE61B052F0AED /* LoginRequest.swift in Sources */ = {isa = PBXBuildFile; fileRef = 122D9D55276E405834511D40 /* LoginRequest.swift */; };
		BFAAC0B8FB81169A4404ADC9 /* TagsListResponse.swift in Sources */ = {isa = PBXBuildFile; fileRef = 24FC043FE9ABFFE1FE98CD08 /* TagsListResponse.swift */; };
		C08FC37A0606FF40BE703C2E /* JSONEncodingHelper.swift in Sources */ = {isa = PBXBuildFile; fileRef = 3734DDEC4C8FBAAFD2C6B3EB /* JSONEncodingHelper.swift */; };
		C17C701411FD1EA9429A4F72 /* VersionListResponse.swift in Sources */ = {isa = PBXBuildFile; fileRef = 81AC2F08D2DAF3493C1C5014 /* VersionListResponse.swift */; };
		C2463CEA82D464A2FB2F822E /* CaptureRequest.swift in Sources */ = {isa = PBXBuildFile; fileRef = 91EE88C226AAC4BD5F1981C5 /* CaptureRequest.swift */; };
		C4319B7682185605D2E9F39E /* UnauthedPingResponse.swift in Sources */ = {isa = PBXBuildFile; fileRef = 1180A0E269E48E795A261302 /* UnauthedPingResponse.swift */; };
		C57DDECBC06330F95EDB5F60 /* RecipeSummary.swift in Sources */ = {isa = PBXBuildFile; fileRef = 5A94F3B6EB9A8A4E1C70DA14 /* RecipeSummary.swift */; };
		C6775100756E5C96CC6789D8 /* ImportRecipeResponse.swift in Sources */ = {isa = PBXBuildFile; fileRef = E80909813DAF8B4769FB0D32 /* ImportRecipeResponse.swift */; };
		C6FB7DA1D6A8AEEEC308D2ED /* UploadPhotoResponse.swift in Sources */ = {isa = PBXBuildFile; fileRef = 2F9D95ECB2833311D48B7DA5 /* UploadPhotoResponse.swift */; };
		C7F7242B7A49DA0E719CC3A0 /* LoginView.swift in Sources */ = {isa = PBXBuildFile; fileRef = 23D459758C4EE86BC13B17C2 /* LoginView.swift */; };
		C8F3C0A8945236229136E0F1 /* PaginationMetadata.swift in Sources */ = {isa = PBXBuildFile; fileRef = C459D4FA161A8AAA61E22F08 /* PaginationMetadata.swift */; };
		CAD7CA9669185238199039E8 /* Configuration.swift in Sources */ = {isa = PBXBuildFile; fileRef = A3D63B893A17EC6CBC0FCC22 /* Configuration.swift */; };
		CBF6C949A66FAE5F087805BD /* SortBy.swift in Sources */ = {isa = PBXBuildFile; fileRef = 9745EE5F879C9B10B4076A43 /* SortBy.swift */; };
		CE8B721C0F6E4418D668BEB6 /* TestingAPI.swift in Sources */ = {isa = PBXBuildFile; fileRef = 8E15EDC3F8548E1BA44AF566 /* TestingAPI.swift */; };
		CF2D8102D8DC1E4A00B233F6 /* APIHelper.swift in Sources */ = {isa = PBXBuildFile; fileRef = F943106CF9609C3A5C466E7F /* APIHelper.swift */; };
		CF466D88B51C0A7F9582F4DD /* OpenISO8601DateFormatter.swift in Sources */ = {isa = PBXBuildFile; fileRef = 7063C41B43FEDDEC674C9BF6 /* OpenISO8601DateFormatter.swift */; };
		D0ABC3CBDD610A5FEBE2BCBD /* ScrapeJobResponse.swift in Sources */ = {isa = PBXBuildFile; fileRef = C61DB5A896A40C12777FDF67 /* ScrapeJobResponse.swift */; };
		D122C5DCF12BDF12AD80952F /* ImportRecipeResponse.swift in Sources */ = {isa = PBXBuildFile; fileRef = E80909813DAF8B4769FB0D32 /* ImportRecipeResponse.swift */; };
		D192DC93F9F176486D8D477A /* SortBy.swift in Sources */ = {isa = PBXBuildFile; fileRef = 9745EE5F879C9B10B4076A43 /* SortBy.swift */; };
		D260A9A04D1AA049FE4F56D5 /* RescrapeResponse.swift in Sources */ = {isa = PBXBuildFile; fileRef = FA5FBCCFD150F4711DD13303 /* RescrapeResponse.swift */; };
		D396C49D3726855AB4FD9974 /* PhotosAPI.swift in Sources */ = {isa = PBXBuildFile; fileRef = 95CE5EA6B7597BB39D9B8A11 /* PhotosAPI.swift */; };
		D4BF02F7338C597E7F622485 /* RescrapeResponse.swift in Sources */ = {isa = PBXBuildFile; fileRef = FA5FBCCFD150F4711DD13303 /* RescrapeResponse.swift */; };
		D5F49F585F9E327571E53D9A /* AuthenticatedImageLoader.swift in Sources */ = {isa = PBXBuildFile; fileRef = E4690D48FFB30402F4F4D4ED /* AuthenticatedImageLoader.swift */; };
		D633AC96FFAC974C03BBF309 /* ScrapeAPI.swift in Sources */ = {isa = PBXBuildFile; fileRef = 7C169E007B8DB6AF79F2E334 /* ScrapeAPI.swift */; };
		D9E0CBADCEC62D1FE28807D0 /* TagsAPI.swift in Sources */ = {isa = PBXBuildFile; fileRef = 436EC511E45EAF977C090179 /* TagsAPI.swift */; };
		DC14692844419612005AC503 /* CreateRecipeResponse.swift in Sources */ = {isa = PBXBuildFile; fileRef = F43D3022E01BD87E5FBCB23E /* CreateRecipeResponse.swift */; };
		DF1649267D6C2351451B2E15 /* JSONEncodingHelper.swift in Sources */ = {isa = PBXBuildFile; fileRef = 3734DDEC4C8FBAAFD2C6B3EB /* JSONEncodingHelper.swift */; };
		E097D11FD872058E91091CE5 /* CreateTagResponse.swift in Sources */ = {isa = PBXBuildFile; fileRef = F9BA88FF899C5404CD213E5E /* CreateTagResponse.swift */; };
		E0F31B503B5D247B2A97D805 /* RescrapeResponse.swift in Sources */ = {isa = PBXBuildFile; fileRef = FA5FBCCFD150F4711DD13303 /* RescrapeResponse.swift */; };
		E1EFFD06971D8468F25129A4 /* LoginResponse.swift in Sources */ = {isa = PBXBuildFile; fileRef = 23D38013765190F57A027436 /* LoginResponse.swift */; };
		E2BABC882190AD8BE441C6C9 /* ImportRawRecipe.swift in Sources */ = {isa = PBXBuildFile; fileRef = 91F804EC00B771F46D67BB1D /* ImportRawRecipe.swift */; };
		E4965B6F0F03A15CB2A17199 /* Models.swift in Sources */ = {isa = PBXBuildFile; fileRef = EBB5D051E55D9BE131B7458E /* Models.swift */; };
		E5863102BD3F82F0BECC96AE /* ModelErrorResponse.swift in Sources */ = {isa = PBXBuildFile; fileRef = DAB5710136714EE66999DE0D /* ModelErrorResponse.swift */; };
		E6CECA6BA23AF2007C069FC8 /* ImportRawRecipe.swift in Sources */ = {isa = PBXBuildFile; fileRef = 91F804EC00B771F46D67BB1D /* ImportRawRecipe.swift */; };
		E83E6AE533EFA3372FF789DB /* ImportAPI.swift in Sources */ = {isa = PBXBuildFile; fileRef = 020F21618258336CACD1F749 /* ImportAPI.swift */; };
		EE131E1BF01C056F2F1D4049 /* KeychainHelper.swift in Sources */ = {isa = PBXBuildFile; fileRef = B939FBCA19E5F5035BC9AD07 /* KeychainHelper.swift */; };
		F4620B2CDD615A0BB0E6733E /* VersionListResponse.swift in Sources */ = {isa = PBXBuildFile; fileRef = 81AC2F08D2DAF3493C1C5014 /* VersionListResponse.swift */; };
		F46E431F870474288BE4B420 /* CreateRecipeRequest.swift in Sources */ = {isa = PBXBuildFile; fileRef = 42C38E2FCF14FFE24BB4D51B /* CreateRecipeRequest.swift */; };
		F496CA70E09A8AF5E87D7081 /* AuthAPI.swift in Sources */ = {isa = PBXBuildFile; fileRef = 742D63FA2628AAD28D29F2D0 /* AuthAPI.swift */; };
		F540F3789E735729E93717B8 /* ListRecipesResponse.swift in Sources */ = {isa = PBXBuildFile; fileRef = 3D5D61EDF2DC833E92B44540 /* ListRecipesResponse.swift */; };
		F67D3A24A5F9F7840772EB5F /* RamekinAPI.swift in Sources */ = {isa = PBXBuildFile; fileRef = E8940739D7FD7D674E9EEEAE /* RamekinAPI.swift */; };
		F6CC2F279C1727BED2D4B211 /* RecipeContent.swift in Sources */ = {isa = PBXBuildFile; fileRef = 79CA426B325D5A10F2A8A16F /* RecipeContent.swift */; };
		F735061237857E70B9AD63DC /* TagItem.swift in Sources */ = {isa = PBXBuildFile; fileRef = 7426EBD21559666D718D19AA /* TagItem.swift */; };
		F7C59F98776B97974EE4FCD3 /* SettingsView.swift in Sources */ = {isa = PBXBuildFile; fileRef = 03421A2A0FA405C5E3DEBFE3 /* SettingsView.swift */; };
		F953CB752604BE989D3E788C /* CreateScrapeRequest.swift in Sources */ = {isa = PBXBuildFile; fileRef = 74FB61C7CE6B242672E5BE91 /* CreateScrapeRequest.swift */; };
		FB6882291214633D149E5B27 /* RamekinAPI.swift in Sources */ = {isa = PBXBuildFile; fileRef = E8940739D7FD7D674E9EEEAE /* RamekinAPI.swift */; };
		FCC5B219C15284D9E4B618D8 /* UnauthedPingResponse.swift in Sources */ = {isa = PBXBuildFile; fileRef = 1180A0E269E48E795A261302 /* UnauthedPingResponse.swift */; };
		FD3743E52ECCC842377BDF10 /* RecipeFlowTests.swift in Sources */ = {isa = PBXBuildFile; fileRef = CBEF5AA956FC7505BEF0EB5E /* RecipeFlowTests.swift */; };
		FDBA3DA2061EE9BC4531364D /* OpenISO8601DateFormatter.swift in Sources */ = {isa = PBXBuildFile; fileRef = 7063C41B43FEDDEC674C9BF6 /* OpenISO8601DateFormatter.swift */; };
		FE0C9B715E2A708F2A1B442C /* CreateScrapeRequest.swift in Sources */ = {isa = PBXBuildFile; fileRef = 74FB61C7CE6B242672E5BE91 /* CreateScrapeRequest.swift */; };
		FE7FD069234BC2DDEFB2CD8D /* URLSessionImplementations.swift in Sources */ = {isa = PBXBuildFile; fileRef = A5BDB7AA30B43DF4CC3B94E5 /* URLSessionImplementations.swift */; };
		FE94F34DD92E964319D79FA7 /* PhotosAPI.swift in Sources */ = {isa = PBXBuildFile; fileRef = 95CE5EA6B7597BB39D9B8A11 /* PhotosAPI.swift */; };
		FEE94612FB61C2A637EB110B /* RecipesAPI.swift in Sources */ = {isa = PBXBuildFile; fileRef = 0D322DDB832DC6AAADD0F6BA /* RecipesAPI.swift */; };
		FFA9ED83DA4D02B2A28B6E83 /* AuthAPI.swift in Sources */ = {isa = PBXBuildFile; fileRef = 742D63FA2628AAD28D29F2D0 /* AuthAPI.swift */; };
/* End PBXBuildFile section */

/* Begin PBXContainerItemProxy section */
		69CDDF9B9FC878F13A59834F /* PBXContainerItemProxy */ = {
			isa = PBXContainerItemProxy;
			containerPortal = 33483522ECE37DB03FF62288 /* Project object */;
			proxyType = 1;
			remoteGlobalIDString = 9D6049B4F0454D312E3217E9;
			remoteInfo = RamekinShareExtension;
		};
		C17C79741E271B7810CD1316 /* PBXContainerItemProxy */ = {
			isa = PBXContainerItemProxy;
			containerPortal = 33483522ECE37DB03FF62288 /* Project object */;
			proxyType = 1;
			remoteGlobalIDString = C0187AB667835C46F266BB25;
			remoteInfo = Ramekin;
		};
		D2CA8E4EAF2A29744FE2CBDB /* PBXContainerItemProxy */ = {
			isa = PBXContainerItemProxy;
			containerPortal = 33483522ECE37DB03FF62288 /* Project object */;
			proxyType = 1;
			remoteGlobalIDString = C0187AB667835C46F266BB25;
			remoteInfo = Ramekin;
		};
/* End PBXContainerItemProxy section */

/* Begin PBXCopyFilesBuildPhase section */
		1D81400A480B472D46B9D90D /* Embed Foundation Extensions */ = {
			isa = PBXCopyFilesBuildPhase;
			buildActionMask = 2147483647;
			dstPath = "";
			dstSubfolderSpec = 13;
			files = (
				41A6E6CB6C18D29121830222 /* RamekinShareExtension.appex in Embed Foundation Extensions */,
			);
			name = "Embed Foundation Extensions";
			runOnlyForDeploymentPostprocessing = 0;
		};
/* End PBXCopyFilesBuildPhase section */

/* Begin PBXFileReference section */
		020F21618258336CACD1F749 /* ImportAPI.swift */ = {isa = PBXFileReference; lastKnownFileType = sourcecode.swift; path = ImportAPI.swift; sourceTree = "<group>"; };
		03421A2A0FA405C5E3DEBFE3 /* SettingsView.swift */ = {isa = PBXFileReference; lastKnownFileType = sourcecode.swift; path = SettingsView.swift; sourceTree = "<group>"; };
		07D3026AB29820B187390130 /* Extensions.swift */ = {isa = PBXFileReference; lastKnownFileType = sourcecode.swift; path = Extensions.swift; sourceTree = "<group>"; };
		0A7FCDE4187D97650355369F /* EnrichAPI.swift */ = {isa = PBXFileReference; lastKnownFileType = sourcecode.swift; path = EnrichAPI.swift; sourceTree = "<group>"; };
		0D322DDB832DC6AAADD0F6BA /* RecipesAPI.swift */ = {isa = PBXFileReference; lastKnownFileType = sourcecode.swift; path = RecipesAPI.swift; sourceTree = "<group>"; };
		0E992276204600E392B87FC8 /* ImportExtractionMethod.swift */ = {isa = PBXFileReference; lastKnownFileType = sourcecode.swift; path = ImportExtractionMethod.swift; sourceTree = "<group>"; };
		1180A0E269E48E795A261302 /* UnauthedPingResponse.swift */ = {isa = PBXFileReference; lastKnownFileType = sourcecode.swift; path = UnauthedPingResponse.swift; sourceTree = "<group>"; };
		122D9D55276E405834511D40 /* LoginRequest.swift */ = {isa = PBXFileReference; lastKnownFileType = sourcecode.swift; path = LoginRequest.swift; sourceTree = "<group>"; };
		14FACCE2FDE5B50ABB40563D /* CodableHelper.swift */ = {isa = PBXFileReference; lastKnownFileType = sourcecode.swift; path = CodableHelper.swift; sourceTree = "<group>"; };
		159EA21AE2685A0FB6C5804B /* RamekinTests.xctest */ = {isa = PBXFileReference; includeInIndex = 0; lastKnownFileType = wrapper.cfbundle; path = RamekinTests.xctest; sourceTree = BUILT_PRODUCTS_DIR; };
		1881685E07612C128E796D0F /* ShareExtensionTests.swift */ = {isa = PBXFileReference; lastKnownFileType = sourcecode.swift; path = ShareExtensionTests.swift; sourceTree = "<group>"; };
		23D38013765190F57A027436 /* LoginResponse.swift */ = {isa = PBXFileReference; lastKnownFileType = sourcecode.swift; path = LoginResponse.swift; sourceTree = "<group>"; };
		23D459758C4EE86BC13B17C2 /* LoginView.swift */ = {isa = PBXFileReference; lastKnownFileType = sourcecode.swift; path = LoginView.swift; sourceTree = "<group>"; };
		24FC043FE9ABFFE1FE98CD08 /* TagsListResponse.swift */ = {isa = PBXFileReference; lastKnownFileType = sourcecode.swift; path = TagsListResponse.swift; sourceTree = "<group>"; };
		2D0329159F00DE9F47C1781B /* RamekinApp.swift */ = {isa = PBXFileReference; lastKnownFileType = sourcecode.swift; path = RamekinApp.swift; sourceTree = "<group>"; };
		2F9D95ECB2833311D48B7DA5 /* UploadPhotoResponse.swift */ = {isa = PBXFileReference; lastKnownFileType = sourcecode.swift; path = UploadPhotoResponse.swift; sourceTree = "<group>"; };
		36BF400F8E60D7FF3FB341DB /* Direction.swift */ = {isa = PBXFileReference; lastKnownFileType = sourcecode.swift; path = Direction.swift; sourceTree = "<group>"; };
		3734DDEC4C8FBAAFD2C6B3EB /* JSONEncodingHelper.swift */ = {isa = PBXFileReference; lastKnownFileType = sourcecode.swift; path = JSONEncodingHelper.swift; sourceTree = "<group>"; };
		3D5D61EDF2DC833E92B44540 /* ListRecipesResponse.swift */ = {isa = PBXFileReference; lastKnownFileType = sourcecode.swift; path = ListRecipesResponse.swift; sourceTree = "<group>"; };
		42C38E2FCF14FFE24BB4D51B /* CreateRecipeRequest.swift */ = {isa = PBXFileReference; lastKnownFileType = sourcecode.swift; path = CreateRecipeRequest.swift; sourceTree = "<group>"; };
		436EC511E45EAF977C090179 /* TagsAPI.swift */ = {isa = PBXFileReference; lastKnownFileType = sourcecode.swift; path = TagsAPI.swift; sourceTree = "<group>"; };
		4BD81ED689AFD40ADCB8CA6A /* Ramekin.app */ = {isa = PBXFileReference; includeInIndex = 0; lastKnownFileType = wrapper.application; path = Ramekin.app; sourceTree = BUILT_PRODUCTS_DIR; };
		4BEE254F1272E2D3B4787CFE /* RamekinUITests.xctest */ = {isa = PBXFileReference; includeInIndex = 0; lastKnownFileType = wrapper.cfbundle; path = RamekinUITests.xctest; sourceTree = BUILT_PRODUCTS_DIR; };
		4D63C3C4C8F4BC8EFFF437A2 /* ShareViewController.swift */ = {isa = PBXFileReference; lastKnownFileType = sourcecode.swift; path = ShareViewController.swift; sourceTree = "<group>"; };
		4EB3FCF95251F3B436498417 /* ImportRecipeRequest.swift */ = {isa = PBXFileReference; lastKnownFileType = sourcecode.swift; path = ImportRecipeRequest.swift; sourceTree = "<group>"; };
		505C2DA71F458266BB9BB8AC /* SignupRequest.swift */ = {isa = PBXFileReference; lastKnownFileType = sourcecode.swift; path = SignupRequest.swift; sourceTree = "<group>"; };
		5A94F3B6EB9A8A4E1C70DA14 /* RecipeSummary.swift */ = {isa = PBXFileReference; lastKnownFileType = sourcecode.swift; path = RecipeSummary.swift; sourceTree = "<group>"; };
		5D7A6BE3E7DE0463AB47873E /* UpdateRecipeRequest.swift */ = {isa = PBXFileReference; lastKnownFileType = sourcecode.swift; path = UpdateRecipeRequest.swift; sourceTree = "<group>"; };
		5F37EA23AB182BADA1654C57 /* RenameTagResponse.swift */ = {isa = PBXFileReference; lastKnownFileType = sourcecode.swift; path = RenameTagResponse.swift; sourceTree = "<group>"; };
		608D258296C5B0E9BE941483 /* CreateTagRequest.swift */ = {isa = PBXFileReference; lastKnownFileType = sourcecode.swift; path = CreateTagRequest.swift; sourceTree = "<group>"; };
		6B1C3B09A87C9749A7B28EBD /* RecipeDetailView.swift */ = {isa = PBXFileReference; lastKnownFileType = sourcecode.swift; path = RecipeDetailView.swift; sourceTree = "<group>"; };
		7063C41B43FEDDEC674C9BF6 /* OpenISO8601DateFormatter.swift */ = {isa = PBXFileReference; lastKnownFileType = sourcecode.swift; path = OpenISO8601DateFormatter.swift; sourceTree = "<group>"; };
		7426EBD21559666D718D19AA /* TagItem.swift */ = {isa = PBXFileReference; lastKnownFileType = sourcecode.swift; path = TagItem.swift; sourceTree = "<group>"; };
		742D63FA2628AAD28D29F2D0 /* AuthAPI.swift */ = {isa = PBXFileReference; lastKnownFileType = sourcecode.swift; path = AuthAPI.swift; sourceTree = "<group>"; };
		74FB61C7CE6B242672E5BE91 /* CreateScrapeRequest.swift */ = {isa = PBXFileReference; lastKnownFileType = sourcecode.swift; path = CreateScrapeRequest.swift; sourceTree = "<group>"; };
		780795BB53DE49C06BF6F6A3 /* Measurement.swift */ = {isa = PBXFileReference; lastKnownFileType = sourcecode.swift; path = Measurement.swift; sourceTree = "<group>"; };
		79CA426B325D5A10F2A8A16F /* RecipeContent.swift */ = {isa = PBXFileReference; lastKnownFileType = sourcecode.swift; path = RecipeContent.swift; sourceTree = "<group>"; };
		7C169E007B8DB6AF79F2E334 /* ScrapeAPI.swift */ = {isa = PBXFileReference; lastKnownFileType = sourcecode.swift; path = ScrapeAPI.swift; sourceTree = "<group>"; };
		81AC2F08D2DAF3493C1C5014 /* VersionListResponse.swift */ = {isa = PBXFileReference; lastKnownFileType = sourcecode.swift; path = VersionListResponse.swift; sourceTree = "<group>"; };
		83443024887A3D4A118DC509 /* RetryScrapeResponse.swift */ = {isa = PBXFileReference; lastKnownFileType = sourcecode.swift; path = RetryScrapeResponse.swift; sourceTree = "<group>"; };
		8A27069C9B91CACE211BFD99 /* Ingredient.swift */ = {isa = PBXFileReference; lastKnownFileType = sourcecode.swift; path = Ingredient.swift; sourceTree = "<group>"; };
		8E15EDC3F8548E1BA44AF566 /* TestingAPI.swift */ = {isa = PBXFileReference; lastKnownFileType = sourcecode.swift; path = TestingAPI.swift; sourceTree = "<group>"; };
		91EE88C226AAC4BD5F1981C5 /* CaptureRequest.swift */ = {isa = PBXFileReference; lastKnownFileType = sourcecode.swift; path = CaptureRequest.swift; sourceTree = "<group>"; };
		91F804EC00B771F46D67BB1D /* ImportRawRecipe.swift */ = {isa = PBXFileReference; lastKnownFileType = sourcecode.swift; path = ImportRawRecipe.swift; sourceTree = "<group>"; };
		94A72B248063D2C7D0467FE0 /* JSONDataEncoding.swift */ = {isa = PBXFileReference; lastKnownFileType = sourcecode.swift; path = JSONDataEncoding.swift; sourceTree = "<group>"; };
		95CE5EA6B7597BB39D9B8A11 /* PhotosAPI.swift */ = {isa = PBXFileReference; lastKnownFileType = sourcecode.swift; path = PhotosAPI.swift; sourceTree = "<group>"; };
		9745EE5F879C9B10B4076A43 /* SortBy.swift */ = {isa = PBXFileReference; lastKnownFileType = sourcecode.swift; path = SortBy.swift; sourceTree = "<group>"; };
		9DBE220839820101CD820B41 /* PingResponse.swift */ = {isa = PBXFileReference; lastKnownFileType = sourcecode.swift; path = PingResponse.swift; sourceTree = "<group>"; };
		A1C51ED0D73099679860A8F3 /* Validation.swift */ = {isa = PBXFileReference; lastKnownFileType = sourcecode.swift; path = Validation.swift; sourceTree = "<group>"; };
		A3D63B893A17EC6CBC0FCC22 /* Configuration.swift */ = {isa = PBXFileReference; lastKnownFileType = sourcecode.swift; path = Configuration.swift; sourceTree = "<group>"; };
		A4BE43D2461F3756628DE051 /* RamekinShareExtension.appex */ = {isa = PBXFileReference; includeInIndex = 0; lastKnownFileType = "wrapper.app-extension"; path = RamekinShareExtension.appex; sourceTree = BUILT_PRODUCTS_DIR; };
		A5BDB7AA30B43DF4CC3B94E5 /* URLSessionImplementations.swift */ = {isa = PBXFileReference; lastKnownFileType = sourcecode.swift; path = URLSessionImplementations.swift; sourceTree = "<group>"; };
		A5E2210997C94C8A82B79D32 /* APIs.swift */ = {isa = PBXFileReference; lastKnownFileType = sourcecode.swift; path = APIs.swift; sourceTree = "<group>"; };
		AAD1FA9C24C630269EDFD3CD /* DebugLogger.swift */ = {isa = PBXFileReference; lastKnownFileType = sourcecode.swift; path = DebugLogger.swift; sourceTree = "<group>"; };
		B23BE4A4CF9F680FA8AF08C1 /* SynchronizedDictionary.swift */ = {isa = PBXFileReference; lastKnownFileType = sourcecode.swift; path = SynchronizedDictionary.swift; sourceTree = "<group>"; };
		B939FBCA19E5F5035BC9AD07 /* KeychainHelper.swift */ = {isa = PBXFileReference; lastKnownFileType = sourcecode.swift; path = KeychainHelper.swift; sourceTree = "<group>"; };
		BB3677F347606FED2DBFE7CE /* CreateScrapeResponse.swift */ = {isa = PBXFileReference; lastKnownFileType = sourcecode.swift; path = CreateScrapeResponse.swift; sourceTree = "<group>"; };
		C3846A6BE35913B8D7A5DAEF /* RenameTagRequest.swift */ = {isa = PBXFileReference; lastKnownFileType = sourcecode.swift; path = RenameTagRequest.swift; sourceTree = "<group>"; };
		C459D4FA161A8AAA61E22F08 /* PaginationMetadata.swift */ = {isa = PBXFileReference; lastKnownFileType = sourcecode.swift; path = PaginationMetadata.swift; sourceTree = "<group>"; };
		C61DB5A896A40C12777FDF67 /* ScrapeJobResponse.swift */ = {isa = PBXFileReference; lastKnownFileType = sourcecode.swift; path = ScrapeJobResponse.swift; sourceTree = "<group>"; };
		C905B38C07D9F491E4586B42 /* SignupResponse.swift */ = {isa = PBXFileReference; lastKnownFileType = sourcecode.swift; path = SignupResponse.swift; sourceTree = "<group>"; };
		CBEF5AA956FC7505BEF0EB5E /* RecipeFlowTests.swift */ = {isa = PBXFileReference; lastKnownFileType = sourcecode.swift; path = RecipeFlowTests.swift; sourceTree = "<group>"; };
		CD59586EF35C9330613DB46A /* Assets.xcassets */ = {isa = PBXFileReference; lastKnownFileType = folder.assetcatalog; path = Assets.xcassets; sourceTree = "<group>"; };
		D22790372DC0BC84154AC9D6 /* RamekinAPITests.swift */ = {isa = PBXFileReference; lastKnownFileType = sourcecode.swift; path = RamekinAPITests.swift; sourceTree = "<group>"; };
		DAB5710136714EE66999DE0D /* ModelErrorResponse.swift */ = {isa = PBXFileReference; lastKnownFileType = sourcecode.swift; path = ModelErrorResponse.swift; sourceTree = "<group>"; };
		DBCB7E0EFF90FCDD7D5F1403 /* VersionSummary.swift */ = {isa = PBXFileReference; lastKnownFileType = sourcecode.swift; path = VersionSummary.swift; sourceTree = "<group>"; };
		DE6E70FE78987544C8167650 /* Info.plist */ = {isa = PBXFileReference; lastKnownFileType = text.plist; path = Info.plist; sourceTree = "<group>"; };
		E4690D48FFB30402F4F4D4ED /* AuthenticatedImageLoader.swift */ = {isa = PBXFileReference; lastKnownFileType = sourcecode.swift; path = AuthenticatedImageLoader.swift; sourceTree = "<group>"; };
		E80909813DAF8B4769FB0D32 /* ImportRecipeResponse.swift */ = {isa = PBXFileReference; lastKnownFileType = sourcecode.swift; path = ImportRecipeResponse.swift; sourceTree = "<group>"; };
		E8940739D7FD7D674E9EEEAE /* RamekinAPI.swift */ = {isa = PBXFileReference; lastKnownFileType = sourcecode.swift; path = RamekinAPI.swift; sourceTree = "<group>"; };
		E904A8309560C2D2DE7559C8 /* RecipeListView.swift */ = {isa = PBXFileReference; lastKnownFileType = sourcecode.swift; path = RecipeListView.swift; sourceTree = "<group>"; };
		E92229829097670ECE5BAD93 /* RecipeResponse.swift */ = {isa = PBXFileReference; lastKnownFileType = sourcecode.swift; path = RecipeResponse.swift; sourceTree = "<group>"; };
		EBB5D051E55D9BE131B7458E /* Models.swift */ = {isa = PBXFileReference; lastKnownFileType = sourcecode.swift; path = Models.swift; sourceTree = "<group>"; };
		F43D3022E01BD87E5FBCB23E /* CreateRecipeResponse.swift */ = {isa = PBXFileReference; lastKnownFileType = sourcecode.swift; path = CreateRecipeResponse.swift; sourceTree = "<group>"; };
		F943106CF9609C3A5C466E7F /* APIHelper.swift */ = {isa = PBXFileReference; lastKnownFileType = sourcecode.swift; path = APIHelper.swift; sourceTree = "<group>"; };
		F9BA88FF899C5404CD213E5E /* CreateTagResponse.swift */ = {isa = PBXFileReference; lastKnownFileType = sourcecode.swift; path = CreateTagResponse.swift; sourceTree = "<group>"; };
		FA5FBCCFD150F4711DD13303 /* RescrapeResponse.swift */ = {isa = PBXFileReference; lastKnownFileType = sourcecode.swift; path = RescrapeResponse.swift; sourceTree = "<group>"; };
/* End PBXFileReference section */

/* Begin PBXGroup section */
		249333815C783124258BE33A /* APIs */ = {
			isa = PBXGroup;
			children = (
				742D63FA2628AAD28D29F2D0 /* AuthAPI.swift */,
				0A7FCDE4187D97650355369F /* EnrichAPI.swift */,
				020F21618258336CACD1F749 /* ImportAPI.swift */,
				95CE5EA6B7597BB39D9B8A11 /* PhotosAPI.swift */,
				0D322DDB832DC6AAADD0F6BA /* RecipesAPI.swift */,
				7C169E007B8DB6AF79F2E334 /* ScrapeAPI.swift */,
				436EC511E45EAF977C090179 /* TagsAPI.swift */,
				8E15EDC3F8548E1BA44AF566 /* TestingAPI.swift */,
			);
			path = APIs;
			sourceTree = "<group>";
		};
		251D157FE54ACCE93F8D6314 /* Products */ = {
			isa = PBXGroup;
			children = (
				4BD81ED689AFD40ADCB8CA6A /* Ramekin.app */,
				A4BE43D2461F3756628DE051 /* RamekinShareExtension.appex */,
				159EA21AE2685A0FB6C5804B /* RamekinTests.xctest */,
				4BEE254F1272E2D3B4787CFE /* RamekinUITests.xctest */,
			);
			name = Products;
			sourceTree = "<group>";
		};
		507D0CA2C33E0F7241298EDC /* RamekinUITests */ = {
			isa = PBXGroup;
			children = (
				CBEF5AA956FC7505BEF0EB5E /* RecipeFlowTests.swift */,
			);
			path = RamekinUITests;
			sourceTree = "<group>";
		};
		64ED2D5AAE21B072A2534E03 /* RamekinTests */ = {
			isa = PBXGroup;
			children = (
				D22790372DC0BC84154AC9D6 /* RamekinAPITests.swift */,
				1881685E07612C128E796D0F /* ShareExtensionTests.swift */,
			);
			path = RamekinTests;
			sourceTree = "<group>";
		};
		95071B99C8410ED4AAF25EF2 /* Models */ = {
			isa = PBXGroup;
			children = (
				91EE88C226AAC4BD5F1981C5 /* CaptureRequest.swift */,
				42C38E2FCF14FFE24BB4D51B /* CreateRecipeRequest.swift */,
				F43D3022E01BD87E5FBCB23E /* CreateRecipeResponse.swift */,
				74FB61C7CE6B242672E5BE91 /* CreateScrapeRequest.swift */,
				BB3677F347606FED2DBFE7CE /* CreateScrapeResponse.swift */,
				608D258296C5B0E9BE941483 /* CreateTagRequest.swift */,
				F9BA88FF899C5404CD213E5E /* CreateTagResponse.swift */,
				36BF400F8E60D7FF3FB341DB /* Direction.swift */,
				0E992276204600E392B87FC8 /* ImportExtractionMethod.swift */,
				91F804EC00B771F46D67BB1D /* ImportRawRecipe.swift */,
				4EB3FCF95251F3B436498417 /* ImportRecipeRequest.swift */,
				E80909813DAF8B4769FB0D32 /* ImportRecipeResponse.swift */,
				8A27069C9B91CACE211BFD99 /* Ingredient.swift */,
				3D5D61EDF2DC833E92B44540 /* ListRecipesResponse.swift */,
				122D9D55276E405834511D40 /* LoginRequest.swift */,
				23D38013765190F57A027436 /* LoginResponse.swift */,
				780795BB53DE49C06BF6F6A3 /* Measurement.swift */,
				DAB5710136714EE66999DE0D /* ModelErrorResponse.swift */,
				C459D4FA161A8AAA61E22F08 /* PaginationMetadata.swift */,
				9DBE220839820101CD820B41 /* PingResponse.swift */,
				79CA426B325D5A10F2A8A16F /* RecipeContent.swift */,
				E92229829097670ECE5BAD93 /* RecipeResponse.swift */,
				5A94F3B6EB9A8A4E1C70DA14 /* RecipeSummary.swift */,
				C3846A6BE35913B8D7A5DAEF /* RenameTagRequest.swift */,
				5F37EA23AB182BADA1654C57 /* RenameTagResponse.swift */,
				FA5FBCCFD150F4711DD13303 /* RescrapeResponse.swift */,
				83443024887A3D4A118DC509 /* RetryScrapeResponse.swift */,
				C61DB5A896A40C12777FDF67 /* ScrapeJobResponse.swift */,
				505C2DA71F458266BB9BB8AC /* SignupRequest.swift */,
				C905B38C07D9F491E4586B42 /* SignupResponse.swift */,
				9745EE5F879C9B10B4076A43 /* SortBy.swift */,
				7426EBD21559666D718D19AA /* TagItem.swift */,
				24FC043FE9ABFFE1FE98CD08 /* TagsListResponse.swift */,
				1180A0E269E48E795A261302 /* UnauthedPingResponse.swift */,
				5D7A6BE3E7DE0463AB47873E /* UpdateRecipeRequest.swift */,
				2F9D95ECB2833311D48B7DA5 /* UploadPhotoResponse.swift */,
				81AC2F08D2DAF3493C1C5014 /* VersionListResponse.swift */,
				DBCB7E0EFF90FCDD7D5F1403 /* VersionSummary.swift */,
			);
			path = Models;
			sourceTree = "<group>";
		};
		9573AFCECF35E6F89A0FAD3E /* Ramekin */ = {
			isa = PBXGroup;
			children = (
				CD59586EF35C9330613DB46A /* Assets.xcassets */,
				23D459758C4EE86BC13B17C2 /* LoginView.swift */,
				2D0329159F00DE9F47C1781B /* RamekinApp.swift */,
				6B1C3B09A87C9749A7B28EBD /* RecipeDetailView.swift */,
				E904A8309560C2D2DE7559C8 /* RecipeListView.swift */,
				03421A2A0FA405C5E3DEBFE3 /* SettingsView.swift */,
			);
			path = Ramekin;
			sourceTree = "<group>";
		};
		97DB743FE4B97C3A41CB62AD = {
			isa = PBXGroup;
			children = (
				E3F999FFAF0E4C37222FD163 /* OpenAPIs */,
				9573AFCECF35E6F89A0FAD3E /* Ramekin */,
				C6B6B0ECB2311FBEB82FDC35 /* RamekinShareExtension */,
				64ED2D5AAE21B072A2534E03 /* RamekinTests */,
				507D0CA2C33E0F7241298EDC /* RamekinUITests */,
				F02153A7CDEF16DA680BA5D2 /* Shared */,
				251D157FE54ACCE93F8D6314 /* Products */,
			);
			sourceTree = "<group>";
		};
		C6B6B0ECB2311FBEB82FDC35 /* RamekinShareExtension */ = {
			isa = PBXGroup;
			children = (
				DE6E70FE78987544C8167650 /* Info.plist */,
				4D63C3C4C8F4BC8EFFF437A2 /* ShareViewController.swift */,
			);
			path = RamekinShareExtension;
			sourceTree = "<group>";
		};
		E3F999FFAF0E4C37222FD163 /* OpenAPIs */ = {
			isa = PBXGroup;
			children = (
				F943106CF9609C3A5C466E7F /* APIHelper.swift */,
				A5E2210997C94C8A82B79D32 /* APIs.swift */,
				14FACCE2FDE5B50ABB40563D /* CodableHelper.swift */,
				A3D63B893A17EC6CBC0FCC22 /* Configuration.swift */,
				07D3026AB29820B187390130 /* Extensions.swift */,
				94A72B248063D2C7D0467FE0 /* JSONDataEncoding.swift */,
				3734DDEC4C8FBAAFD2C6B3EB /* JSONEncodingHelper.swift */,
				EBB5D051E55D9BE131B7458E /* Models.swift */,
				7063C41B43FEDDEC674C9BF6 /* OpenISO8601DateFormatter.swift */,
				B23BE4A4CF9F680FA8AF08C1 /* SynchronizedDictionary.swift */,
				A5BDB7AA30B43DF4CC3B94E5 /* URLSessionImplementations.swift */,
				A1C51ED0D73099679860A8F3 /* Validation.swift */,
				249333815C783124258BE33A /* APIs */,
				95071B99C8410ED4AAF25EF2 /* Models */,
			);
			name = OpenAPIs;
			path = "generated-client/RamekinClient/Classes/OpenAPIs";
			sourceTree = "<group>";
		};
		F02153A7CDEF16DA680BA5D2 /* Shared */ = {
			isa = PBXGroup;
			children = (
				E4690D48FFB30402F4F4D4ED /* AuthenticatedImageLoader.swift */,
				AAD1FA9C24C630269EDFD3CD /* DebugLogger.swift */,
				B939FBCA19E5F5035BC9AD07 /* KeychainHelper.swift */,
				E8940739D7FD7D674E9EEEAE /* RamekinAPI.swift */,
			);
			path = Shared;
			sourceTree = "<group>";
		};
/* End PBXGroup section */

/* Begin PBXNativeTarget section */
		67DC56D85ECA0F433270268C /* RamekinTests */ = {
			isa = PBXNativeTarget;
			buildConfigurationList = 19D4232800D54F4351DAE6CE /* Build configuration list for PBXNativeTarget "RamekinTests" */;
			buildPhases = (
				FA1F69CE200366892A02B3E1 /* Sources */,
			);
			buildRules = (
			);
			dependencies = (
				2D9EAA54D8CF3A36D1078386 /* PBXTargetDependency */,
			);
			name = RamekinTests;
			packageProductDependencies = (
			);
			productName = RamekinTests;
			productReference = 159EA21AE2685A0FB6C5804B /* RamekinTests.xctest */;
			productType = "com.apple.product-type.bundle.unit-test";
		};
		9AD2140B021E544C6BF379A6 /* RamekinUITests */ = {
			isa = PBXNativeTarget;
			buildConfigurationList = 7A9C9DC7FDD7E21F0ACB546D /* Build configuration list for PBXNativeTarget "RamekinUITests" */;
			buildPhases = (
				E02B0BFE4D69C8C0105603C0 /* Sources */,
			);
			buildRules = (
			);
			dependencies = (
				C7AB8370DD2D05702C6A3BDA /* PBXTargetDependency */,
			);
			name = RamekinUITests;
			packageProductDependencies = (
			);
			productName = RamekinUITests;
			productReference = 4BEE254F1272E2D3B4787CFE /* RamekinUITests.xctest */;
			productType = "com.apple.product-type.bundle.ui-testing";
		};
		9D6049B4F0454D312E3217E9 /* RamekinShareExtension */ = {
			isa = PBXNativeTarget;
			buildConfigurationList = 7C4D407ED3FCE9A1B1682EF6 /* Build configuration list for PBXNativeTarget "RamekinShareExtension" */;
			buildPhases = (
				89A72A7D43E0608D5BAF49F3 /* Sources */,
			);
			buildRules = (
			);
			dependencies = (
			);
			name = RamekinShareExtension;
			packageProductDependencies = (
			);
			productName = RamekinShareExtension;
			productReference = A4BE43D2461F3756628DE051 /* RamekinShareExtension.appex */;
			productType = "com.apple.product-type.app-extension";
		};
		C0187AB667835C46F266BB25 /* Ramekin */ = {
			isa = PBXNativeTarget;
			buildConfigurationList = C354F303816496C1949CED95 /* Build configuration list for PBXNativeTarget "Ramekin" */;
			buildPhases = (
				6BFB9A9C03A2A1F3817E0276 /* Sources */,
				DF27271F0D2E0DB3E3C2F2F7 /* Resources */,
				1D81400A480B472D46B9D90D /* Embed Foundation Extensions */,
			);
			buildRules = (
			);
			dependencies = (
				55E7605BD756841C7E56029E /* PBXTargetDependency */,
			);
			name = Ramekin;
			packageProductDependencies = (
			);
			productName = Ramekin;
			productReference = 4BD81ED689AFD40ADCB8CA6A /* Ramekin.app */;
			productType = "com.apple.product-type.application";
		};
/* End PBXNativeTarget section */

/* Begin PBXProject section */
		33483522ECE37DB03FF62288 /* Project object */ = {
			isa = PBXProject;
			attributes = {
				BuildIndependentTargetsInParallel = YES;
				LastUpgradeCheck = 1500;
				TargetAttributes = {
					67DC56D85ECA0F433270268C = {
						DevelopmentTeam = 32ANM8P9HJ;
					};
					9AD2140B021E544C6BF379A6 = {
						DevelopmentTeam = 32ANM8P9HJ;
						TestTargetID = C0187AB667835C46F266BB25;
					};
					9D6049B4F0454D312E3217E9 = {
						DevelopmentTeam = 32ANM8P9HJ;
					};
					C0187AB667835C46F266BB25 = {
						DevelopmentTeam = 32ANM8P9HJ;
					};
				};
			};
			buildConfigurationList = C8616806395066E00F258E30 /* Build configuration list for PBXProject "Ramekin" */;
			compatibilityVersion = "Xcode 14.0";
			developmentRegion = en;
			hasScannedForEncodings = 0;
			knownRegions = (
				Base,
				en,
			);
			mainGroup = 97DB743FE4B97C3A41CB62AD;
			minimizedProjectReferenceProxies = 1;
			preferredProjectObjectVersion = 77;
			projectDirPath = "";
			projectRoot = "";
			targets = (
				C0187AB667835C46F266BB25 /* Ramekin */,
				9D6049B4F0454D312E3217E9 /* RamekinShareExtension */,
				67DC56D85ECA0F433270268C /* RamekinTests */,
				9AD2140B021E544C6BF379A6 /* RamekinUITests */,
			);
		};
/* End PBXProject section */

/* Begin PBXResourcesBuildPhase section */
		DF27271F0D2E0DB3E3C2F2F7 /* Resources */ = {
			isa = PBXResourcesBuildPhase;
			buildActionMask = 2147483647;
			files = (
				1CE480F2E18F4BC9672A5CB0 /* Assets.xcassets in Resources */,
			);
			runOnlyForDeploymentPostprocessing = 0;
		};
/* End PBXResourcesBuildPhase section */

/* Begin PBXSourcesBuildPhase section */
		6BFB9A9C03A2A1F3817E0276 /* Sources */ = {
			isa = PBXSourcesBuildPhase;
			buildActionMask = 2147483647;
			files = (
				581605ADA61A72D6CA151D01 /* APIHelper.swift in Sources */,
				68A79E9AB438F856F132DDF4 /* APIs.swift in Sources */,
				1BF6C87B27EFE5B57194D322 /* AuthAPI.swift in Sources */,
				D5F49F585F9E327571E53D9A /* AuthenticatedImageLoader.swift in Sources */,
				C2463CEA82D464A2FB2F822E /* CaptureRequest.swift in Sources */,
				3B1AFD08C9E7058461FA2C42 /* CodableHelper.swift in Sources */,
				5DF96D155930A036E7D02393 /* Configuration.swift in Sources */,
				F46E431F870474288BE4B420 /* CreateRecipeRequest.swift in Sources */,
				A698877B701FA0BE50D2DB8E /* CreateRecipeResponse.swift in Sources */,
				F953CB752604BE989D3E788C /* CreateScrapeRequest.swift in Sources */,
				1CA4E339B78E3052880008CA /* CreateScrapeResponse.swift in Sources */,
				1B23834160C43C45E8FBDE1D /* CreateTagRequest.swift in Sources */,
				0677FF80E5D1B499A1C6D8FF /* CreateTagResponse.swift in Sources */,
				85E20E1829CCC2D0047F7D95 /* DebugLogger.swift in Sources */,
				B86B38909AB97868CCDF858F /* Direction.swift in Sources */,
				7255BC324A5533E813A66AF7 /* EnrichAPI.swift in Sources */,
				836B217DE19143470F0E3EDC /* Extensions.swift in Sources */,
				E83E6AE533EFA3372FF789DB /* ImportAPI.swift in Sources */,
				B9910F0F7C3A3334600038F5 /* ImportExtractionMethod.swift in Sources */,
				75F007B2AD0061FCFA806CB6 /* ImportRawRecipe.swift in Sources */,
				94B1ABCBD7B37AAA64BCD1B2 /* ImportRecipeRequest.swift in Sources */,
				D122C5DCF12BDF12AD80952F /* ImportRecipeResponse.swift in Sources */,
				994650DFD267DC04E436D4F1 /* Ingredient.swift in Sources */,
				0191B298C765719A24EEE534 /* JSONDataEncoding.swift in Sources */,
				DF1649267D6C2351451B2E15 /* JSONEncodingHelper.swift in Sources */,
				EE131E1BF01C056F2F1D4049 /* KeychainHelper.swift in Sources */,
				F540F3789E735729E93717B8 /* ListRecipesResponse.swift in Sources */,
				55CD91C2ECF18417C2482728 /* LoginRequest.swift in Sources */,
				74E1DAABC43C044BAD264090 /* LoginResponse.swift in Sources */,
				C7F7242B7A49DA0E719CC3A0 /* LoginView.swift in Sources */,
				5A18644C573A6D34B4157002 /* Measurement.swift in Sources */,
				918E8C9BB414B716E516FE66 /* ModelErrorResponse.swift in Sources */,
				090345234F849EB186ACB51A /* Models.swift in Sources */,
				CF466D88B51C0A7F9582F4DD /* OpenISO8601DateFormatter.swift in Sources */,
				A99FBD3E567BC72D38CE83AE /* PaginationMetadata.swift in Sources */,
				D396C49D3726855AB4FD9974 /* PhotosAPI.swift in Sources */,
				68AE86A63B84891E462988CE /* PingResponse.swift in Sources */,
				1977F0FB2C15F3F231CCEA93 /* RamekinAPI.swift in Sources */,
				1FF3C5A864AE091414ABDF4B /* RamekinApp.swift in Sources */,
				3D717F3FD6678B550F180ED4 /* RecipeContent.swift in Sources */,
				52CA81038877B404D3908609 /* RecipeDetailView.swift in Sources */,
				138E30AB21BF21C25E9E546E /* RecipeListView.swift in Sources */,
				534B1446E4E926C758FA2333 /* RecipeResponse.swift in Sources */,
				75C387BB32F5196F84171C85 /* RecipeSummary.swift in Sources */,
				4CA26488474E46D4C17F2885 /* RecipesAPI.swift in Sources */,
				929D00165067337186B4123C /* RenameTagRequest.swift in Sources */,
				27F521E59FD71843900F664C /* RenameTagResponse.swift in Sources */,
				D4BF02F7338C597E7F622485 /* RescrapeResponse.swift in Sources */,
				A8E1B1D59CECE5F39184F09A /* RetryScrapeResponse.swift in Sources */,
				72E72FFAE3DF996AA840C9AB /* ScrapeAPI.swift in Sources */,
				D0ABC3CBDD610A5FEBE2BCBD /* ScrapeJobResponse.swift in Sources */,
				F7C59F98776B97974EE4FCD3 /* SettingsView.swift in Sources */,
				6EBA671213C0F29DBE43EF05 /* SignupRequest.swift in Sources */,
				1A34A22ED31E2083BC6A92D2 /* SignupResponse.swift in Sources */,
				D192DC93F9F176486D8D477A /* SortBy.swift in Sources */,
				155A8A5234D566DEA3EBC7A9 /* SynchronizedDictionary.swift in Sources */,
				1160E2BECEF8AE016E12034D /* TagItem.swift in Sources */,
				D9E0CBADCEC62D1FE28807D0 /* TagsAPI.swift in Sources */,
				BFAAC0B8FB81169A4404ADC9 /* TagsListResponse.swift in Sources */,
				CE8B721C0F6E4418D668BEB6 /* TestingAPI.swift in Sources */,
				966761C25477AEF2C39DE333 /* URLSessionImplementations.swift in Sources */,
				C4319B7682185605D2E9F39E /* UnauthedPingResponse.swift in Sources */,
				30FDE19A1FB521963C19BFC2 /* UpdateRecipeRequest.swift in Sources */,
				B620AD5E3513E419C798ECA8 /* UploadPhotoResponse.swift in Sources */,
				0AEE3E80A3FE0E7A574AD480 /* Validation.swift in Sources */,
				F4620B2CDD615A0BB0E6733E /* VersionListResponse.swift in Sources */,
				24E55600FF1A0DEBE919FA3D /* VersionSummary.swift in Sources */,
			);
			runOnlyForDeploymentPostprocessing = 0;
		};
		89A72A7D43E0608D5BAF49F3 /* Sources */ = {
			isa = PBXSourcesBuildPhase;
			buildActionMask = 2147483647;
			files = (
				4E5A631A36105D276B3BA341 /* APIHelper.swift in Sources */,
				6A2D91C501E6B05AE4A1702E /* APIs.swift in Sources */,
				F496CA70E09A8AF5E87D7081 /* AuthAPI.swift in Sources */,
				05280711EF21BA57B62F45B3 /* AuthenticatedImageLoader.swift in Sources */,
				A19EA1F283952ACFAAA2234A /* CaptureRequest.swift in Sources */,
				0F6D527C81774CFE1B68FA57 /* CodableHelper.swift in Sources */,
				CAD7CA9669185238199039E8 /* Configuration.swift in Sources */,
				85FFEEBF8A1937F758B15FD4 /* CreateRecipeRequest.swift in Sources */,
				DC14692844419612005AC503 /* CreateRecipeResponse.swift in Sources */,
				FE0C9B715E2A708F2A1B442C /* CreateScrapeRequest.swift in Sources */,
				0AB80FECE3BDB950305DCC6E /* CreateScrapeResponse.swift in Sources */,
				4C454722B832C78697B805D2 /* CreateTagRequest.swift in Sources */,
				E097D11FD872058E91091CE5 /* CreateTagResponse.swift in Sources */,
				2160E12945B7A2B5AE3AC138 /* DebugLogger.swift in Sources */,
				15211913FC7B9D4E80EEAD9E /* Direction.swift in Sources */,
				14CF86FC7A65A00735692AED /* EnrichAPI.swift in Sources */,
				68399CA3F036ECA9B5F02046 /* Extensions.swift in Sources */,
				2886C947673B4B5BE4C69ED8 /* ImportAPI.swift in Sources */,
				5F14189D5111635082CD7297 /* ImportExtractionMethod.swift in Sources */,
				E2BABC882190AD8BE441C6C9 /* ImportRawRecipe.swift in Sources */,
				B54062184A741AAE56D7919D /* ImportRecipeRequest.swift in Sources */,
				535A37C0E86B866A44BFBFF0 /* ImportRecipeResponse.swift in Sources */,
				81ECAD3A1F1677A12E2FDB2E /* Ingredient.swift in Sources */,
				7A8A91AA8E3F5E0DF4468596 /* JSONDataEncoding.swift in Sources */,
				C08FC37A0606FF40BE703C2E /* JSONEncodingHelper.swift in Sources */,
				17A4238A31F047ABC64B7F52 /* KeychainHelper.swift in Sources */,
				4D05BA311D17D62A6D8844DA /* ListRecipesResponse.swift in Sources */,
				4BDB9CA969C18608084EF3CF /* LoginRequest.swift in Sources */,
				E1EFFD06971D8468F25129A4 /* LoginResponse.swift in Sources */,
				3A9800B87814238D09AC0E89 /* Measurement.swift in Sources */,
				E5863102BD3F82F0BECC96AE /* ModelErrorResponse.swift in Sources */,
				E4965B6F0F03A15CB2A17199 /* Models.swift in Sources */,
				7658E057DD1D90B5B786777E /* OpenISO8601DateFormatter.swift in Sources */,
				C8F3C0A8945236229136E0F1 /* PaginationMetadata.swift in Sources */,
				5A04650A05F2EC0332C9693F /* PhotosAPI.swift in Sources */,
				9E81C303EB557540331FD9CE /* PingResponse.swift in Sources */,
				F67D3A24A5F9F7840772EB5F /* RamekinAPI.swift in Sources */,
				F6CC2F279C1727BED2D4B211 /* RecipeContent.swift in Sources */,
				AC8DFF830A7CDFFA4073A127 /* RecipeResponse.swift in Sources */,
				C57DDECBC06330F95EDB5F60 /* RecipeSummary.swift in Sources */,
				FEE94612FB61C2A637EB110B /* RecipesAPI.swift in Sources */,
				36201D55885A245FAA68EF0D /* RenameTagRequest.swift in Sources */,
				32E606BEB15A24ED3A2DC334 /* RenameTagResponse.swift in Sources */,
				D260A9A04D1AA049FE4F56D5 /* RescrapeResponse.swift in Sources */,
				7773F7E0869065391B463104 /* RetryScrapeResponse.swift in Sources */,
				D633AC96FFAC974C03BBF309 /* ScrapeAPI.swift in Sources */,
				0BE0958B83751EF6867BFCFA /* ScrapeJobResponse.swift in Sources */,
				7C8BC077FFBC862D15388226 /* ShareViewController.swift in Sources */,
				B4ABB5B522137BD071DD7DED /* SignupRequest.swift in Sources */,
				2353397C6118DAA555D1ADDB /* SignupResponse.swift in Sources */,
				2D75FA3AA86670EF288B65D4 /* SortBy.swift in Sources */,
				7F6CD3371ABECAA366147129 /* SynchronizedDictionary.swift in Sources */,
				F735061237857E70B9AD63DC /* TagItem.swift in Sources */,
				41D8F2ADD161CAACC7488393 /* TagsAPI.swift in Sources */,
				39A7AF9583D266103E8C430E /* TagsListResponse.swift in Sources */,
				00482551F9422C4EF5D3CC4D /* TestingAPI.swift in Sources */,
				B183BFE50A61FBFF6689F0BF /* URLSessionImplementations.swift in Sources */,
				FCC5B219C15284D9E4B618D8 /* UnauthedPingResponse.swift in Sources */,
				A8708DD09281839B8BA62746 /* UpdateRecipeRequest.swift in Sources */,
				C6FB7DA1D6A8AEEEC308D2ED /* UploadPhotoResponse.swift in Sources */,
				0A3BA3CB92994E9A62C426A6 /* Validation.swift in Sources */,
				68E76B713D708D530B39DA10 /* VersionListResponse.swift in Sources */,
				786312881D9A0A9C82B528AB /* VersionSummary.swift in Sources */,
			);
			runOnlyForDeploymentPostprocessing = 0;
		};
		E02B0BFE4D69C8C0105603C0 /* Sources */ = {
			isa = PBXSourcesBuildPhase;
			buildActionMask = 2147483647;
			files = (
				FD3743E52ECCC842377BDF10 /* RecipeFlowTests.swift in Sources */,
			);
			runOnlyForDeploymentPostprocessing = 0;
		};
		FA1F69CE200366892A02B3E1 /* Sources */ = {
			isa = PBXSourcesBuildPhase;
			buildActionMask = 2147483647;
			files = (
				CF2D8102D8DC1E4A00B233F6 /* APIHelper.swift in Sources */,
				6CBB3409828F0CE01F8847DE /* APIs.swift in Sources */,
				FFA9ED83DA4D02B2A28B6E83 /* AuthAPI.swift in Sources */,
				83D543F7C29D7DBE81F23444 /* AuthenticatedImageLoader.swift in Sources */,
				08B7F020CE9A14EFD205F30A /* CaptureRequest.swift in Sources */,
				8B1766CD4CC7ADD170027023 /* CodableHelper.swift in Sources */,
				B91E3D5828CE349980A7BAFB /* Configuration.swift in Sources */,
				035B50EEF4B3405F91E684F6 /* CreateRecipeRequest.swift in Sources */,
				A627D8BCDFD736EE654697FD /* CreateRecipeResponse.swift in Sources */,
				0EFDE74C86EE9CC9A937F68A /* CreateScrapeRequest.swift in Sources */,
				11758BAB23EEB2181CDADFFE /* CreateScrapeResponse.swift in Sources */,
				6478FF45AA7873ED5BBEE49F /* CreateTagRequest.swift in Sources */,
				1A20EE84157A64B500561AD7 /* CreateTagResponse.swift in Sources */,
				5D6BB9B97C8523D2CCB56EA5 /* DebugLogger.swift in Sources */,
				222121BFA725B93A798D018F /* Direction.swift in Sources */,
				448F47AD051AAFA0A8C20134 /* EnrichAPI.swift in Sources */,
				AE92BAE6059EC033D65CB29E /* Extensions.swift in Sources */,
				8AC473A970624264C7A7BBC4 /* ImportAPI.swift in Sources */,
				6316A24FA92D35E6B7D73564 /* ImportExtractionMethod.swift in Sources */,
				E6CECA6BA23AF2007C069FC8 /* ImportRawRecipe.swift in Sources */,
				3CF0BB274067160A63254DEE /* ImportRecipeRequest.swift in Sources */,
				C6775100756E5C96CC6789D8 /* ImportRecipeResponse.swift in Sources */,
				590016BC033B7719C8764508 /* Ingredient.swift in Sources */,
				7F535C0AF7F27D04BE334CF8 /* JSONDataEncoding.swift in Sources */,
				BA382836F76C9B7B3984FC7A /* JSONEncodingHelper.swift in Sources */,
				65E1355E7C0D22F25C8D90ED /* KeychainHelper.swift in Sources */,
				9E7C9AA4EF26822782E2AF3C /* ListRecipesResponse.swift in Sources */,
				BC18DE04AD5EE61B052F0AED /* LoginRequest.swift in Sources */,
				41E915E5CA37E4501677308B /* LoginResponse.swift in Sources */,
				9FA8515DAB4B40AF85EE6AC0 /* Measurement.swift in Sources */,
				2E3BE1D95AA1F0EFAFC4508B /* ModelErrorResponse.swift in Sources */,
				7AA797C17C018C1FA6C2CEDA /* Models.swift in Sources */,
				FDBA3DA2061EE9BC4531364D /* OpenISO8601DateFormatter.swift in Sources */,
				94D9FB883DD7E516A67129EE /* PaginationMetadata.swift in Sources */,
				FE94F34DD92E964319D79FA7 /* PhotosAPI.swift in Sources */,
				80390CBAB163A49AA63275E6 /* PingResponse.swift in Sources */,
				FB6882291214633D149E5B27 /* RamekinAPI.swift in Sources */,
				34D3C46A9C1BD4481BDC6862 /* RamekinAPITests.swift in Sources */,
				1716ED4C41D3463DCA34F241 /* RecipeContent.swift in Sources */,
				42899B6F9489F8A15C960D07 /* RecipeResponse.swift in Sources */,
				6ED8B755D04E764CA3D14381 /* RecipeSummary.swift in Sources */,
				32B86B66530452818CE5B43A /* RecipesAPI.swift in Sources */,
				9907ABD7BE206A61080C7C23 /* RenameTagRequest.swift in Sources */,
				0BCE6D94C39CD93C595413B8 /* RenameTagResponse.swift in Sources */,
				E0F31B503B5D247B2A97D805 /* RescrapeResponse.swift in Sources */,
				3C7F67D7F1180C4F61205438 /* RetryScrapeResponse.swift in Sources */,
				6BA76DA590FF722DA7FD5982 /* ScrapeAPI.swift in Sources */,
				AEC773F4ADEC409BC5F2F986 /* ScrapeJobResponse.swift in Sources */,
				477B3746D8F369EECC5C35C4 /* ShareExtensionTests.swift in Sources */,
				2F35C6273311FB2DC34DE5A0 /* SignupRequest.swift in Sources */,
				5903E9B36B94B6FB7C02308D /* SignupResponse.swift in Sources */,
				CBF6C949A66FAE5F087805BD /* SortBy.swift in Sources */,
				1D184D74D3DE5008EC27828D /* SynchronizedDictionary.swift in Sources */,
				58DCE4995BB482D1B843E095 /* TagItem.swift in Sources */,
				80C3B321F0689BF9EEE3F188 /* TagsAPI.swift in Sources */,
				8664AE5AD57C9C1CA82106F9 /* TagsListResponse.swift in Sources */,
				800A68F97D8251273A2639C7 /* TestingAPI.swift in Sources */,
				FE7FD069234BC2DDEFB2CD8D /* URLSessionImplementations.swift in Sources */,
				674D0C821058538A256DC1D2 /* UnauthedPingResponse.swift in Sources */,
				31CA93E1B8A268FB4CFB99EA /* UpdateRecipeRequest.swift in Sources */,
				1CA7D3913AA80236001D61B5 /* UploadPhotoResponse.swift in Sources */,
				3EA63F1E7637C47C49220E4C /* Validation.swift in Sources */,
				C17C701411FD1EA9429A4F72 /* VersionListResponse.swift in Sources */,
				7458B7E94B6232DCE268ACCC /* VersionSummary.swift in Sources */,
			);
			runOnlyForDeploymentPostprocessing = 0;
		};
/* End PBXSourcesBuildPhase section */

/* Begin PBXTargetDependency section */
		2D9EAA54D8CF3A36D1078386 /* PBXTargetDependency */ = {
			isa = PBXTargetDependency;
			target = C0187AB667835C46F266BB25 /* Ramekin */;
			targetProxy = C17C79741E271B7810CD1316 /* PBXContainerItemProxy */;
		};
		55E7605BD756841C7E56029E /* PBXTargetDependency */ = {
			isa = PBXTargetDependency;
			target = 9D6049B4F0454D312E3217E9 /* RamekinShareExtension */;
			targetProxy = 69CDDF9B9FC878F13A59834F /* PBXContainerItemProxy */;
		};
		C7AB8370DD2D05702C6A3BDA /* PBXTargetDependency */ = {
			isa = PBXTargetDependency;
			target = C0187AB667835C46F266BB25 /* Ramekin */;
			targetProxy = D2CA8E4EAF2A29744FE2CBDB /* PBXContainerItemProxy */;
		};
/* End PBXTargetDependency section */

/* Begin XCBuildConfiguration section */
		1EF06AFF14F0A051280F6269 /* Release */ = {
			isa = XCBuildConfiguration;
			buildSettings = {
				ALWAYS_SEARCH_USER_PATHS = NO;
				CLANG_ANALYZER_NONNULL = YES;
				CLANG_ANALYZER_NUMBER_OBJECT_CONVERSION = YES_AGGRESSIVE;
				CLANG_CXX_LANGUAGE_STANDARD = "gnu++14";
				CLANG_CXX_LIBRARY = "libc++";
				CLANG_ENABLE_MODULES = YES;
				CLANG_ENABLE_OBJC_ARC = YES;
				CLANG_ENABLE_OBJC_WEAK = YES;
				CLANG_WARN_BLOCK_CAPTURE_AUTORELEASING = YES;
				CLANG_WARN_BOOL_CONVERSION = YES;
				CLANG_WARN_COMMA = YES;
				CLANG_WARN_CONSTANT_CONVERSION = YES;
				CLANG_WARN_DEPRECATED_OBJC_IMPLEMENTATIONS = YES;
				CLANG_WARN_DIRECT_OBJC_ISA_USAGE = YES_ERROR;
				CLANG_WARN_DOCUMENTATION_COMMENTS = YES;
				CLANG_WARN_EMPTY_BODY = YES;
				CLANG_WARN_ENUM_CONVERSION = YES;
				CLANG_WARN_INFINITE_RECURSION = YES;
				CLANG_WARN_INT_CONVERSION = YES;
				CLANG_WARN_NON_LITERAL_NULL_CONVERSION = YES;
				CLANG_WARN_OBJC_IMPLICIT_RETAIN_SELF = YES;
				CLANG_WARN_OBJC_LITERAL_CONVERSION = YES;
				CLANG_WARN_OBJC_ROOT_CLASS = YES_ERROR;
				CLANG_WARN_QUOTED_INCLUDE_IN_FRAMEWORK_HEADER = YES;
				CLANG_WARN_RANGE_LOOP_ANALYSIS = YES;
				CLANG_WARN_STRICT_PROTOTYPES = YES;
				CLANG_WARN_SUSPICIOUS_MOVE = YES;
				CLANG_WARN_UNGUARDED_AVAILABILITY = YES_AGGRESSIVE;
				CLANG_WARN_UNREACHABLE_CODE = YES;
				CLANG_WARN__DUPLICATE_METHOD_MATCH = YES;
				COPY_PHASE_STRIP = NO;
				CURRENT_PROJECT_VERSION = 1;
				DEBUG_INFORMATION_FORMAT = "dwarf-with-dsym";
				DEVELOPMENT_TEAM = 32ANM8P9HJ;
				ENABLE_NS_ASSERTIONS = NO;
				ENABLE_STRICT_OBJC_MSGSEND = YES;
				GCC_C_LANGUAGE_STANDARD = gnu11;
				GCC_NO_COMMON_BLOCKS = YES;
				GCC_WARN_64_TO_32_BIT_CONVERSION = YES;
				GCC_WARN_ABOUT_RETURN_TYPE = YES_ERROR;
				GCC_WARN_UNDECLARED_SELECTOR = YES;
				GCC_WARN_UNINITIALIZED_AUTOS = YES_AGGRESSIVE;
				GCC_WARN_UNUSED_FUNCTION = YES;
				GCC_WARN_UNUSED_VARIABLE = YES;
				IPHONEOS_DEPLOYMENT_TARGET = 16.0;
				MARKETING_VERSION = 1.0.0;
				MTL_ENABLE_DEBUG_INFO = NO;
				MTL_FAST_MATH = YES;
				PRODUCT_NAME = "$(TARGET_NAME)";
				SDKROOT = iphoneos;
				SWIFT_COMPILATION_MODE = wholemodule;
				SWIFT_OPTIMIZATION_LEVEL = "-O";
				SWIFT_VERSION = 5.9;
			};
			name = Release;
		};
		39EAB38094FC6BA480C73571 /* Debug */ = {
			isa = XCBuildConfiguration;
			buildSettings = {
				BUNDLE_LOADER = "$(TEST_HOST)";
				LD_RUNPATH_SEARCH_PATHS = (
					"$(inherited)",
					"@executable_path/Frameworks",
					"@loader_path/Frameworks",
				);
				PRODUCT_BUNDLE_IDENTIFIER = com.ramekin.app.tests;
				SDKROOT = iphoneos;
				TARGETED_DEVICE_FAMILY = "1,2";
				TEST_HOST = "$(BUILT_PRODUCTS_DIR)/Ramekin.app/Ramekin";
			};
			name = Debug;
		};
		4C18D5CAE50B0B5A4A3521EE /* Release */ = {
			isa = XCBuildConfiguration;
			buildSettings = {
				ASSETCATALOG_COMPILER_APPICON_NAME = AppIcon;
				ASSETCATALOG_COMPILER_GLOBAL_ACCENT_COLOR_NAME = AccentColor;
				CODE_SIGN_ENTITLEMENTS = Ramekin/Ramekin.entitlements;
				CODE_SIGN_IDENTITY = "iPhone Developer";
				INFOPLIST_FILE = Ramekin/Info.plist;
				LD_RUNPATH_SEARCH_PATHS = (
					"$(inherited)",
					"@executable_path/Frameworks",
				);
				PRODUCT_BUNDLE_IDENTIFIER = com.ramekin.app;
				SDKROOT = iphoneos;
				TARGETED_DEVICE_FAMILY = "1,2";
			};
			name = Release;
		};
		4E87FF196D9803443FB7080C /* Debug */ = {
			isa = XCBuildConfiguration;
			buildSettings = {
				ASSETCATALOG_COMPILER_APPICON_NAME = AppIcon;
				ASSETCATALOG_COMPILER_GLOBAL_ACCENT_COLOR_NAME = AccentColor;
				CODE_SIGN_ENTITLEMENTS = Ramekin/Ramekin.entitlements;
				CODE_SIGN_IDENTITY = "iPhone Developer";
				INFOPLIST_FILE = Ramekin/Info.plist;
				LD_RUNPATH_SEARCH_PATHS = (
					"$(inherited)",
					"@executable_path/Frameworks",
				);
				PRODUCT_BUNDLE_IDENTIFIER = com.ramekin.app;
				SDKROOT = iphoneos;
				TARGETED_DEVICE_FAMILY = "1,2";
			};
			name = Debug;
		};
		53E950019A84DAFC70F4CFA7 /* Release */ = {
			isa = XCBuildConfiguration;
			buildSettings = {
				BUNDLE_LOADER = "$(TEST_HOST)";
				LD_RUNPATH_SEARCH_PATHS = (
					"$(inherited)",
					"@executable_path/Frameworks",
					"@loader_path/Frameworks",
				);
				PRODUCT_BUNDLE_IDENTIFIER = com.ramekin.app.tests;
				SDKROOT = iphoneos;
				TARGETED_DEVICE_FAMILY = "1,2";
				TEST_HOST = "$(BUILT_PRODUCTS_DIR)/Ramekin.app/Ramekin";
			};
			name = Release;
		};
		71B7CD771D311753D7132924 /* Release */ = {
			isa = XCBuildConfiguration;
			buildSettings = {
				CODE_SIGN_ENTITLEMENTS = RamekinShareExtension/RamekinShareExtension.entitlements;
				INFOPLIST_FILE = RamekinShareExtension/Info.plist;
				LD_RUNPATH_SEARCH_PATHS = (
					"$(inherited)",
					"@executable_path/Frameworks",
					"@executable_path/../../Frameworks",
				);
				PRODUCT_BUNDLE_IDENTIFIER = com.ramekin.app.share;
				SDKROOT = iphoneos;
				SKIP_INSTALL = YES;
				TARGETED_DEVICE_FAMILY = "1,2";
			};
			name = Release;
		};
		CCD83AA8DEA52456CE2ED8E3 /* Debug */ = {
			isa = XCBuildConfiguration;
			buildSettings = {
				BUNDLE_LOADER = "$(TEST_HOST)";
				LD_RUNPATH_SEARCH_PATHS = (
					"$(inherited)",
					"@executable_path/Frameworks",
					"@loader_path/Frameworks",
				);
				PRODUCT_BUNDLE_IDENTIFIER = com.ramekin.app.uitests;
				SDKROOT = iphoneos;
				TARGETED_DEVICE_FAMILY = "1,2";
				TEST_TARGET_NAME = Ramekin;
			};
			name = Debug;
		};
		D27FB98BE14023CF01D758BC /* Debug */ = {
			isa = XCBuildConfiguration;
			buildSettings = {
				CODE_SIGN_ENTITLEMENTS = RamekinShareExtension/RamekinShareExtension.entitlements;
				INFOPLIST_FILE = RamekinShareExtension/Info.plist;
				LD_RUNPATH_SEARCH_PATHS = (
					"$(inherited)",
					"@executable_path/Frameworks",
					"@executable_path/../../Frameworks",
				);
				PRODUCT_BUNDLE_IDENTIFIER = com.ramekin.app.share;
				SDKROOT = iphoneos;
				SKIP_INSTALL = YES;
				TARGETED_DEVICE_FAMILY = "1,2";
			};
			name = Debug;
		};
		D486542E1A1E4B0635466357 /* Debug */ = {
			isa = XCBuildConfiguration;
			buildSettings = {
				ALWAYS_SEARCH_USER_PATHS = NO;
				CLANG_ANALYZER_NONNULL = YES;
				CLANG_ANALYZER_NUMBER_OBJECT_CONVERSION = YES_AGGRESSIVE;
				CLANG_CXX_LANGUAGE_STANDARD = "gnu++14";
				CLANG_CXX_LIBRARY = "libc++";
				CLANG_ENABLE_MODULES = YES;
				CLANG_ENABLE_OBJC_ARC = YES;
				CLANG_ENABLE_OBJC_WEAK = YES;
				CLANG_WARN_BLOCK_CAPTURE_AUTORELEASING = YES;
				CLANG_WARN_BOOL_CONVERSION = YES;
				CLANG_WARN_COMMA = YES;
				CLANG_WARN_CONSTANT_CONVERSION = YES;
				CLANG_WARN_DEPRECATED_OBJC_IMPLEMENTATIONS = YES;
				CLANG_WARN_DIRECT_OBJC_ISA_USAGE = YES_ERROR;
				CLANG_WARN_DOCUMENTATION_COMMENTS = YES;
				CLANG_WARN_EMPTY_BODY = YES;
				CLANG_WARN_ENUM_CONVERSION = YES;
				CLANG_WARN_INFINITE_RECURSION = YES;
				CLANG_WARN_INT_CONVERSION = YES;
				CLANG_WARN_NON_LITERAL_NULL_CONVERSION = YES;
				CLANG_WARN_OBJC_IMPLICIT_RETAIN_SELF = YES;
				CLANG_WARN_OBJC_LITERAL_CONVERSION = YES;
				CLANG_WARN_OBJC_ROOT_CLASS = YES_ERROR;
				CLANG_WARN_QUOTED_INCLUDE_IN_FRAMEWORK_HEADER = YES;
				CLANG_WARN_RANGE_LOOP_ANALYSIS = YES;
				CLANG_WARN_STRICT_PROTOTYPES = YES;
				CLANG_WARN_SUSPICIOUS_MOVE = YES;
				CLANG_WARN_UNGUARDED_AVAILABILITY = YES_AGGRESSIVE;
				CLANG_WARN_UNREACHABLE_CODE = YES;
				CLANG_WARN__DUPLICATE_METHOD_MATCH = YES;
				COPY_PHASE_STRIP = NO;
				CURRENT_PROJECT_VERSION = 1;
				DEBUG_INFORMATION_FORMAT = dwarf;
				DEVELOPMENT_TEAM = 32ANM8P9HJ;
				ENABLE_STRICT_OBJC_MSGSEND = YES;
				ENABLE_TESTABILITY = YES;
				GCC_C_LANGUAGE_STANDARD = gnu11;
				GCC_DYNAMIC_NO_PIC = NO;
				GCC_NO_COMMON_BLOCKS = YES;
				GCC_OPTIMIZATION_LEVEL = 0;
				GCC_PREPROCESSOR_DEFINITIONS = (
					"$(inherited)",
					"DEBUG=1",
				);
				GCC_WARN_64_TO_32_BIT_CONVERSION = YES;
				GCC_WARN_ABOUT_RETURN_TYPE = YES_ERROR;
				GCC_WARN_UNDECLARED_SELECTOR = YES;
				GCC_WARN_UNINITIALIZED_AUTOS = YES_AGGRESSIVE;
				GCC_WARN_UNUSED_FUNCTION = YES;
				GCC_WARN_UNUSED_VARIABLE = YES;
				IPHONEOS_DEPLOYMENT_TARGET = 16.0;
				MARKETING_VERSION = 1.0.0;
				MTL_ENABLE_DEBUG_INFO = INCLUDE_SOURCE;
				MTL_FAST_MATH = YES;
				ONLY_ACTIVE_ARCH = YES;
				PRODUCT_NAME = "$(TARGET_NAME)";
				SDKROOT = iphoneos;
				SWIFT_ACTIVE_COMPILATION_CONDITIONS = DEBUG;
				SWIFT_OPTIMIZATION_LEVEL = "-Onone";
				SWIFT_VERSION = 5.9;
			};
			name = Debug;
		};
		DDA4C33458D52EC07F8D5005 /* Release */ = {
			isa = XCBuildConfiguration;
			buildSettings = {
				BUNDLE_LOADER = "$(TEST_HOST)";
				LD_RUNPATH_SEARCH_PATHS = (
					"$(inherited)",
					"@executable_path/Frameworks",
					"@loader_path/Frameworks",
				);
				PRODUCT_BUNDLE_IDENTIFIER = com.ramekin.app.uitests;
				SDKROOT = iphoneos;
				TARGETED_DEVICE_FAMILY = "1,2";
				TEST_TARGET_NAME = Ramekin;
			};
			name = Release;
		};
/* End XCBuildConfiguration section */

/* Begin XCConfigurationList section */
		19D4232800D54F4351DAE6CE /* Build configuration list for PBXNativeTarget "RamekinTests" */ = {
			isa = XCConfigurationList;
			buildConfigurations = (
				39EAB38094FC6BA480C73571 /* Debug */,
				53E950019A84DAFC70F4CFA7 /* Release */,
			);
			defaultConfigurationIsVisible = 0;
			defaultConfigurationName = Debug;
		};
		7A9C9DC7FDD7E21F0ACB546D /* Build configuration list for PBXNativeTarget "RamekinUITests" */ = {
			isa = XCConfigurationList;
			buildConfigurations = (
				CCD83AA8DEA52456CE2ED8E3 /* Debug */,
				DDA4C33458D52EC07F8D5005 /* Release */,
			);
			defaultConfigurationIsVisible = 0;
			defaultConfigurationName = Debug;
		};
		7C4D407ED3FCE9A1B1682EF6 /* Build configuration list for PBXNativeTarget "RamekinShareExtension" */ = {
			isa = XCConfigurationList;
			buildConfigurations = (
				D27FB98BE14023CF01D758BC /* Debug */,
				71B7CD771D311753D7132924 /* Release */,
			);
			defaultConfigurationIsVisible = 0;
			defaultConfigurationName = Debug;
		};
		C354F303816496C1949CED95 /* Build configuration list for PBXNativeTarget "Ramekin" */ = {
			isa = XCConfigurationList;
			buildConfigurations = (
				4E87FF196D9803443FB7080C /* Debug */,
				4C18D5CAE50B0B5A4A3521EE /* Release */,
			);
			defaultConfigurationIsVisible = 0;
			defaultConfigurationName = Debug;
		};
		C8616806395066E00F258E30 /* Build configuration list for PBXProject "Ramekin" */ = {
			isa = XCConfigurationList;
			buildConfigurations = (
				D486542E1A1E4B0635466357 /* Debug */,
				1EF06AFF14F0A051280F6269 /* Release */,
			);
			defaultConfigurationIsVisible = 0;
			defaultConfigurationName = Debug;
		};
/* End XCConfigurationList section */
	};
	rootObject = 33483522ECE37DB03FF62288 /* Project object */;
}
